// !$*UTF8*$!
{
	archiveVersion = 1;
	classes = {
	};
	objectVersion = 46;
	objects = {

/* Begin PBXBuildFile section */
		0766453BE08DF11A201E19B7 /* SunPlace.swift in Sources */ = {isa = PBXBuildFile; fileRef = 9C36570D1D471688001019BB /* SunPlace.swift */; };
		1366C148184BDFB624578598 /* NSDate.swift in Sources */ = {isa = PBXBuildFile; fileRef = 9C3314F61CE976BE004D012E /* NSDate.swift */; };
		1D08C72F7F3FDEEF62617817 /* Foundation.framework in Frameworks */ = {isa = PBXBuildFile; fileRef = 4AE7CBA9AB862BFA860F55BA /* Foundation.framework */; };
		21112CEC9025F28135534F7B /* EDSunriseSet.m in Sources */ = {isa = PBXBuildFile; fileRef = 3A0AAE4A6F08C0DDC6F474AC /* EDSunriseSet.m */; };
		230AF26175B6E6B26362968D /* Styles.swift in Sources */ = {isa = PBXBuildFile; fileRef = 9C3314F31CE9712F004D012E /* Styles.swift */; };
		48D2BEE4C590A877365129A5 /* SunLocation.swift in Sources */ = {isa = PBXBuildFile; fileRef = 9CE885951CEFEC260045BEFB /* SunLocation.swift */; };
		4A870F317F5B472ACD5FDABB /* Suntime.swift in Sources */ = {isa = PBXBuildFile; fileRef = 9C3314F11CE95783004D012E /* Suntime.swift */; };
		4DD0CFDBA78A3D6910ADE8F7 /* Defaults.swift in Sources */ = {isa = PBXBuildFile; fileRef = 9C236CD71D16798300FB9985 /* Defaults.swift */; };
		4F979626AF749AB7EDF9BC1C /* EDSunriseSet.m in Sources */ = {isa = PBXBuildFile; fileRef = 3A0AAE4A6F08C0DDC6F474AC /* EDSunriseSet.m */; };
		875D0F018EA86DD31B0B14F0 /* BackgroundRefresh.swift in Sources */ = {isa = PBXBuildFile; fileRef = CD058FA461B9EFA02E78BDBA /* BackgroundRefresh.swift */; };
		903779BFB71DE7562D6290A7 /* SolisWidget.appex in Embed App Extensions */ = {isa = PBXBuildFile; fileRef = 3F6C1433D94FFEE08BCA501A /* SolisWidget.appex */; settings = {ATTRIBUTES = (RemoveHeadersOnCopy, ); }; };
		9C13350C1D152218004B3F1B /* LocationChangeViewController.swift in Sources */ = {isa = PBXBuildFile; fileRef = 9C13350B1D152218004B3F1B /* LocationChangeViewController.swift */; };
		9C1F57A11CF26C67000E8B29 /* MomentumScroll.swift in Sources */ = {isa = PBXBuildFile; fileRef = 9C1F57A01CF26C67000E8B29 /* MomentumScroll.swift */; };
		9C20A3F91D0FD5D40079F3A5 /* SunLogic.swift in Sources */ = {isa = PBXBuildFile; fileRef = 9C20A3F81D0FD5D40079F3A5 /* SunLogic.swift */; };
		9C236CD81D16798300FB9985 /* Defaults.swift in Sources */ = {isa = PBXBuildFile; fileRef = 9C236CD71D16798300FB9985 /* Defaults.swift */; };
		9C236CDF1D169C6900FB9985 /* TimeFormatters.swift in Sources */ = {isa = PBXBuildFile; fileRef = 9C236CDE1D169C6900FB9985 /* TimeFormatters.swift */; };
		9C236CE61D16B0B500FB9985 /* SolisWidget.entitlements in Resources */ = {isa = PBXBuildFile; fileRef = 9CB5F24E1D167857005F4E10 /* SolisWidget.entitlements */; };
		9C27BE671D2CDBDE0093B2A6 /* InfoMenuViewController.swift in Sources */ = {isa = PBXBuildFile; fileRef = 9C27BE661D2CDBDE0093B2A6 /* InfoMenuViewController.swift */; };
		9C27BE6B1D3212520093B2A6 /* UIButton.swift in Sources */ = {isa = PBXBuildFile; fileRef = 9C27BE6A1D3212520093B2A6 /* UIButton.swift */; };
		9C3314F21CE95783004D012E /* Suntime.swift in Sources */ = {isa = PBXBuildFile; fileRef = 9C3314F11CE95783004D012E /* Suntime.swift */; };
		9C3314F41CE9712F004D012E /* Styles.swift in Sources */ = {isa = PBXBuildFile; fileRef = 9C3314F31CE9712F004D012E /* Styles.swift */; };
		9C3314F71CE976BE004D012E /* NSDate.swift in Sources */ = {isa = PBXBuildFile; fileRef = 9C3314F61CE976BE004D012E /* NSDate.swift */; };
		9C3314F91CE9A723004D012E /* UIColor.swift in Sources */ = {isa = PBXBuildFile; fileRef = 9C3314F81CE9A723004D012E /* UIColor.swift */; };
		9C36570E1D471688001019BB /* SunPlace.swift in Sources */ = {isa = PBXBuildFile; fileRef = 9C36570D1D471688001019BB /* SunPlace.swift */; };
		9C37C0C21CF6C929002ED35A /* TouchDownView.swift in Sources */ = {isa = PBXBuildFile; fileRef = 9C37C0C11CF6C929002ED35A /* TouchDownView.swift */; };
		9C485AB11CED7E130086B22E /* Sunline.swift in Sources */ = {isa = PBXBuildFile; fileRef = 9C485AB01CED7E130086B22E /* Sunline.swift */; };
		9C4B86A41CFEBAC3002C4EA4 /* Bus.swift in Sources */ = {isa = PBXBuildFile; fileRef = 9C4B86A31CFEBAC3002C4EA4 /* Bus.swift */; };
		9C4B86A61CFFE3D5002C4EA4 /* MainViewController.swift in Sources */ = {isa = PBXBuildFile; fileRef = 9C4B86A51CFFE3D5002C4EA4 /* MainViewController.swift */; };
		9C6BCB201D3CA6970069BC16 /* InfoData.swift in Sources */ = {isa = PBXBuildFile; fileRef = 9C6BCB1F1D3CA6970069BC16 /* InfoData.swift */; };
		9C6BCB221D3CA6F00069BC16 /* SunType.swift in Sources */ = {isa = PBXBuildFile; fileRef = 9C6BCB211D3CA6F00069BC16 /* SunType.swift */; };
		9C8879A01D3752AF00B8D1B9 /* InfoViewController.swift in Sources */ = {isa = PBXBuildFile; fileRef = 9C88799F1D3752AF00B8D1B9 /* InfoViewController.swift */; };
		9C97400A1CFC10F9000A5AFD /* Easing.swift in Sources */ = {isa = PBXBuildFile; fileRef = 9C9740091CFC10F9000A5AFD /* Easing.swift */; };
		9CB196371D53190E005CD74E /* NSMutableAttributedString.swift in Sources */ = {isa = PBXBuildFile; fileRef = 9CB196361D53190E005CD74E /* NSMutableAttributedString.swift */; };
		9CB37BE91CE844400080B5B1 /* AppDelegate.swift in Sources */ = {isa = PBXBuildFile; fileRef = 9CB37BE81CE844400080B5B1 /* AppDelegate.swift */; };
		9CB37BEB1CE844400080B5B1 /* SunViewController.swift in Sources */ = {isa = PBXBuildFile; fileRef = 9CB37BEA1CE844400080B5B1 /* SunViewController.swift */; };
		9CB37BEE1CE844400080B5B1 /* Main.storyboard in Resources */ = {isa = PBXBuildFile; fileRef = 9CB37BEC1CE844400080B5B1 /* Main.storyboard */; };
		9CB37BF01CE844400080B5B1 /* Assets.xcassets in Resources */ = {isa = PBXBuildFile; fileRef = 9CB37BEF1CE844400080B5B1 /* Assets.xcassets */; };
		9CB37BF31CE844400080B5B1 /* LaunchScreen.storyboard in Resources */ = {isa = PBXBuildFile; fileRef = 9CB37BF11CE844400080B5B1 /* LaunchScreen.storyboard */; };
		9CB37BFE1CE844400080B5B1 /* SunriseSunsetTests.swift in Sources */ = {isa = PBXBuildFile; fileRef = 9CB37BFD1CE844400080B5B1 /* SunriseSunsetTests.swift */; };
		9CB37C091CE844400080B5B1 /* SunriseSunsetUITests.swift in Sources */ = {isa = PBXBuildFile; fileRef = 9CB37C081CE844400080B5B1 /* SunriseSunsetUITests.swift */; };
		9CBAFF5F1D5198790009444E /* TouchThroughView.swift in Sources */ = {isa = PBXBuildFile; fileRef = 9CBAFF5E1D5198790009444E /* TouchThroughView.swift */; };
		9CBB09AE1CED6D1000F344C4 /* Sun.swift in Sources */ = {isa = PBXBuildFile; fileRef = 9CBB09AD1CED6D1000F344C4 /* Sun.swift */; };
		9CC052361D22465A00CBBECE /* TimeZones.swift in Sources */ = {isa = PBXBuildFile; fileRef = 9CC052351D22465A00CBBECE /* TimeZones.swift */; };
		9CC29EE41D8BB00A00542894 /* AsyncButton.swift in Sources */ = {isa = PBXBuildFile; fileRef = 9CC29EC61D8BB00A00542894 /* AsyncButton.swift */; };
		9CC29EE51D8BB00A00542894 /* AsyncImageView.swift in Sources */ = {isa = PBXBuildFile; fileRef = 9CC29EC71D8BB00A00542894 /* AsyncImageView.swift */; };
		9CC29EE61D8BB00A00542894 /* AutoTextView.swift in Sources */ = {isa = PBXBuildFile; fileRef = 9CC29EC81D8BB00A00542894 /* AutoTextView.swift */; };
		9CC29EE71D8BB00A00542894 /* BlurView.swift in Sources */ = {isa = PBXBuildFile; fileRef = 9CC29EC91D8BB00A00542894 /* BlurView.swift */; };
		9CC29EE81D8BB00A00542894 /* DesignableButton.swift in Sources */ = {isa = PBXBuildFile; fileRef = 9CC29ECA1D8BB00A00542894 /* DesignableButton.swift */; };
		9CC29EE91D8BB00A00542894 /* DesignableImageView.swift in Sources */ = {isa = PBXBuildFile; fileRef = 9CC29ECB1D8BB00A00542894 /* DesignableImageView.swift */; };
		9CC29EEA1D8BB00A00542894 /* DesignableLabel.swift in Sources */ = {isa = PBXBuildFile; fileRef = 9CC29ECC1D8BB00A00542894 /* DesignableLabel.swift */; };
		9CC29EEB1D8BB00A00542894 /* DesignableTabBarController.swift in Sources */ = {isa = PBXBuildFile; fileRef = 9CC29ECD1D8BB00A00542894 /* DesignableTabBarController.swift */; };
		9CC29EEC1D8BB00A00542894 /* DesignableTextField.swift in Sources */ = {isa = PBXBuildFile; fileRef = 9CC29ECE1D8BB00A00542894 /* DesignableTextField.swift */; };
		9CC29EED1D8BB00A00542894 /* DesignableTextView.swift in Sources */ = {isa = PBXBuildFile; fileRef = 9CC29ECF1D8BB00A00542894 /* DesignableTextView.swift */; };
		9CC29EEE1D8BB00A00542894 /* DesignableView.swift in Sources */ = {isa = PBXBuildFile; fileRef = 9CC29ED01D8BB00A00542894 /* DesignableView.swift */; };
		9CC29EEF1D8BB00A00542894 /* ImageLoader.swift in Sources */ = {isa = PBXBuildFile; fileRef = 9CC29ED11D8BB00A00542894 /* ImageLoader.swift */; };
		9CC29EF11D8BB00A00542894 /* KeyboardLayoutConstraint.swift in Sources */ = {isa = PBXBuildFile; fileRef = 9CC29ED31D8BB00A00542894 /* KeyboardLayoutConstraint.swift */; };
		9CC29EF21D8BB00A00542894 /* LoadingView.swift in Sources */ = {isa = PBXBuildFile; fileRef = 9CC29ED41D8BB00A00542894 /* LoadingView.swift */; };
		9CC29EF31D8BB00A00542894 /* LoadingView.xib in Resources */ = {isa = PBXBuildFile; fileRef = 9CC29ED51D8BB00A00542894 /* LoadingView.xib */; };
		9CC29EF41D8BB00A00542894 /* Misc.swift in Sources */ = {isa = PBXBuildFile; fileRef = 9CC29ED61D8BB00A00542894 /* Misc.swift */; };
		9CC29EF51D8BB00A00542894 /* SoundPlayer.swift in Sources */ = {isa = PBXBuildFile; fileRef = 9CC29ED71D8BB00A00542894 /* SoundPlayer.swift */; };
		9CC29EF61D8BB00A00542894 /* Spring.swift in Sources */ = {isa = PBXBuildFile; fileRef = 9CC29ED91D8BB00A00542894 /* Spring.swift */; };
		9CC29EF71D8BB00A00542894 /* SpringAnimation.swift in Sources */ = {isa = PBXBuildFile; fileRef = 9CC29EDA1D8BB00A00542894 /* SpringAnimation.swift */; };
		9CC29EF81D8BB00A00542894 /* SpringButton.swift in Sources */ = {isa = PBXBuildFile; fileRef = 9CC29EDB1D8BB00A00542894 /* SpringButton.swift */; };
		9CC29EF91D8BB00A00542894 /* SpringImageView.swift in Sources */ = {isa = PBXBuildFile; fileRef = 9CC29EDC1D8BB00A00542894 /* SpringImageView.swift */; };
		9CC29EFA1D8BB00A00542894 /* SpringLabel.swift in Sources */ = {isa = PBXBuildFile; fileRef = 9CC29EDD1D8BB00A00542894 /* SpringLabel.swift */; };
		9CC29EFB1D8BB00A00542894 /* SpringTextField.swift in Sources */ = {isa = PBXBuildFile; fileRef = 9CC29EDE1D8BB00A00542894 /* SpringTextField.swift */; };
		9CC29EFC1D8BB00A00542894 /* SpringTextView.swift in Sources */ = {isa = PBXBuildFile; fileRef = 9CC29EDF1D8BB00A00542894 /* SpringTextView.swift */; };
		9CC29EFD1D8BB00A00542894 /* SpringView.swift in Sources */ = {isa = PBXBuildFile; fileRef = 9CC29EE01D8BB00A00542894 /* SpringView.swift */; };
		9CC29EFE1D8BB00A00542894 /* TransitionManager.swift in Sources */ = {isa = PBXBuildFile; fileRef = 9CC29EE11D8BB00A00542894 /* TransitionManager.swift */; };
		9CC29EFF1D8BB00A00542894 /* TransitionZoom.swift in Sources */ = {isa = PBXBuildFile; fileRef = 9CC29EE21D8BB00A00542894 /* TransitionZoom.swift */; };
		9CC29F001D8BB00A00542894 /* UnwindSegue.swift in Sources */ = {isa = PBXBuildFile; fileRef = 9CC29EE31D8BB00A00542894 /* UnwindSegue.swift */; };
		9CC427A51D11088100693E32 /* UILabel.swift in Sources */ = {isa = PBXBuildFile; fileRef = 9CC427A41D11088100693E32 /* UILabel.swift */; };
		9CC92F641CFEB1D500FA320D /* MenuViewController.swift in Sources */ = {isa = PBXBuildFile; fileRef = 9CC92F631CFEB1D500FA320D /* MenuViewController.swift */; };
		9CDE815D1D03E8710036FD34 /* Muli-Light.ttf in Resources */ = {isa = PBXBuildFile; fileRef = 9CDE815B1D03E8710036FD34 /* Muli-Light.ttf */; };
		9CDE815E1D03E8710036FD34 /* Muli-Regular.ttf in Resources */ = {isa = PBXBuildFile; fileRef = 9CDE815C1D03E8710036FD34 /* Muli-Regular.ttf */; };
		9CE6F8DE1D56E2F300CD5680 /* SunArea.swift in Sources */ = {isa = PBXBuildFile; fileRef = 9CE6F8DD1D56E2F300CD5680 /* SunArea.swift */; };
		9CE885961CEFEC260045BEFB /* SunLocation.swift in Sources */ = {isa = PBXBuildFile; fileRef = 9CE885951CEFEC260045BEFB /* SunLocation.swift */; };
		9CEDC3721D6C20C000F12B29 /* BellButton.swift in Sources */ = {isa = PBXBuildFile; fileRef = 9CEDC3711D6C20C000F12B29 /* BellButton.swift */; };
		AAC4FAF18944557101AE3D05 /* NotificationScheduler.swift in Sources */ = {isa = PBXBuildFile; fileRef = 1AE6027251CB52A1450C74C9 /* NotificationScheduler.swift */; };
		ACF45D78DAA5A864F2F29079 /* Bus.swift in Sources */ = {isa = PBXBuildFile; fileRef = 9C4B86A31CFEBAC3002C4EA4 /* Bus.swift */; };
		BB8B8A3C984306B35BD1F6E7 /* Muli-Light.ttf in Resources */ = {isa = PBXBuildFile; fileRef = 9CDE815B1D03E8710036FD34 /* Muli-Light.ttf */; };
		D076170565B3BC91A7AE6855 /* UIColor.swift in Sources */ = {isa = PBXBuildFile; fileRef = 9C3314F81CE9A723004D012E /* UIColor.swift */; };
		D9A845FED744919AEBB915F5 /* Muli-Regular.ttf in Resources */ = {isa = PBXBuildFile; fileRef = 9CDE815C1D03E8710036FD34 /* Muli-Regular.ttf */; };
		DA9E27A743466059639DD154 /* SunType.swift in Sources */ = {isa = PBXBuildFile; fileRef = 9C6BCB211D3CA6F00069BC16 /* SunType.swift */; };
		DF75EEAD813A951B758723F8 /* SunLogic.swift in Sources */ = {isa = PBXBuildFile; fileRef = 9C20A3F81D0FD5D40079F3A5 /* SunLogic.swift */; };
		EAB24A15FED9F76A9E01C843 /* SolisWidget.swift in Sources */ = {isa = PBXBuildFile; fileRef = 2242A66A4072558D25ABC9DE /* SolisWidget.swift */; };
		F0EA23BB4999D15E5D3A3CD9 /* TimeFormatters.swift in Sources */ = {isa = PBXBuildFile; fileRef = 9C236CDE1D169C6900FB9985 /* TimeFormatters.swift */; };
/* End PBXBuildFile section */

/* Begin PBXContainerItemProxy section */
		8F91B608A14F05E778707478 /* PBXContainerItemProxy */ = {
			isa = PBXContainerItemProxy;
			containerPortal = 9CB37BDD1CE844400080B5B1 /* Project object */;
			proxyType = 1;
			remoteGlobalIDString = 980440F7EF737CC85D9BCC59;
			remoteInfo = SolisWidget;
		};
		9CB37BFA1CE844400080B5B1 /* PBXContainerItemProxy */ = {
			isa = PBXContainerItemProxy;
			containerPortal = 9CB37BDD1CE844400080B5B1 /* Project object */;
			proxyType = 1;
			remoteGlobalIDString = 9CB37BE41CE844400080B5B1;
			remoteInfo = SunriseSunset;
		};
		9CB37C051CE844400080B5B1 /* PBXContainerItemProxy */ = {
			isa = PBXContainerItemProxy;
			containerPortal = 9CB37BDD1CE844400080B5B1 /* Project object */;
			proxyType = 1;
			remoteGlobalIDString = 9CB37BE41CE844400080B5B1;
			remoteInfo = SunriseSunset;
		};
/* End PBXContainerItemProxy section */

/* Begin PBXCopyFilesBuildPhase section */
		3C89CC51989E1DCE383B524F /* Embed App Extensions */ = {
			isa = PBXCopyFilesBuildPhase;
			buildActionMask = 2147483647;
			dstPath = "";
			dstSubfolderSpec = 13;
			files = (
				903779BFB71DE7562D6290A7 /* SolisWidget.appex in Embed App Extensions */,
			);
			name = "Embed App Extensions";
			runOnlyForDeploymentPostprocessing = 0;
		};
/* End PBXCopyFilesBuildPhase section */

/* Begin PBXFileReference section */
		1AE6027251CB52A1450C74C9 /* NotificationScheduler.swift */ = {isa = PBXFileReference; includeInIndex = 1; lastKnownFileType = sourcecode.swift; path = NotificationScheduler.swift; sourceTree = "<group>"; };
		2242A66A4072558D25ABC9DE /* SolisWidget.swift */ = {isa = PBXFileReference; includeInIndex = 1; lastKnownFileType = sourcecode.swift; path = SolisWidget.swift; sourceTree = "<group>"; };
		3A0AAE4A6F08C0DDC6F474AC /* EDSunriseSet.m */ = {isa = PBXFileReference; includeInIndex = 1; lastKnownFileType = sourcecode.c.objc; path = EDSunriseSet.m; sourceTree = "<group>"; };
		3F6C1433D94FFEE08BCA501A /* SolisWidget.appex */ = {isa = PBXFileReference; explicitFileType = "wrapper.app-extension"; includeInIndex = 0; path = SolisWidget.appex; sourceTree = BUILT_PRODUCTS_DIR; };
		4AE7CBA9AB862BFA860F55BA /* Foundation.framework */ = {isa = PBXFileReference; lastKnownFileType = wrapper.framework; name = Foundation.framework; path = Platforms/iPhoneOS.platform/Developer/SDKs/iPhoneOS18.0.sdk/System/Library/Frameworks/Foundation.framework; sourceTree = DEVELOPER_DIR; };
		9C13350B1D152218004B3F1B /* LocationChangeViewController.swift */ = {isa = PBXFileReference; fileEncoding = 4; lastKnownFileType = sourcecode.swift; path = LocationChangeViewController.swift; sourceTree = "<group>"; };
		9C1F57A01CF26C67000E8B29 /* MomentumScroll.swift */ = {isa = PBXFileReference; fileEncoding = 4; lastKnownFileType = sourcecode.swift; path = MomentumScroll.swift; sourceTree = "<group>"; };
		9C20A3F81D0FD5D40079F3A5 /* SunLogic.swift */ = {isa = PBXFileReference; fileEncoding = 4; lastKnownFileType = sourcecode.swift; path = SunLogic.swift; sourceTree = "<group>"; };
		9C236CD71D16798300FB9985 /* Defaults.swift */ = {isa = PBXFileReference; fileEncoding = 4; lastKnownFileType = sourcecode.swift; path = Defaults.swift; sourceTree = "<group>"; };
		9C236CDE1D169C6900FB9985 /* TimeFormatters.swift */ = {isa = PBXFileReference; fileEncoding = 4; lastKnownFileType = sourcecode.swift; path = TimeFormatters.swift; sourceTree = "<group>"; };
		9C27BE661D2CDBDE0093B2A6 /* InfoMenuViewController.swift */ = {isa = PBXFileReference; fileEncoding = 4; lastKnownFileType = sourcecode.swift; path = InfoMenuViewController.swift; sourceTree = "<group>"; };
		9C27BE6A1D3212520093B2A6 /* UIButton.swift */ = {isa = PBXFileReference; fileEncoding = 4; lastKnownFileType = sourcecode.swift; path = UIButton.swift; sourceTree = "<group>"; };
		9C3314F11CE95783004D012E /* Suntime.swift */ = {isa = PBXFileReference; fileEncoding = 4; lastKnownFileType = sourcecode.swift; path = Suntime.swift; sourceTree = "<group>"; };
		9C3314F31CE9712F004D012E /* Styles.swift */ = {isa = PBXFileReference; fileEncoding = 4; lastKnownFileType = sourcecode.swift; path = Styles.swift; sourceTree = "<group>"; };
		9C3314F61CE976BE004D012E /* NSDate.swift */ = {isa = PBXFileReference; fileEncoding = 4; lastKnownFileType = sourcecode.swift; path = NSDate.swift; sourceTree = "<group>"; };
		9C3314F81CE9A723004D012E /* UIColor.swift */ = {isa = PBXFileReference; fileEncoding = 4; lastKnownFileType = sourcecode.swift; path = UIColor.swift; sourceTree = "<group>"; };
		9C36570D1D471688001019BB /* SunPlace.swift */ = {isa = PBXFileReference; fileEncoding = 4; lastKnownFileType = sourcecode.swift; path = SunPlace.swift; sourceTree = "<group>"; };
		9C37C0C11CF6C929002ED35A /* TouchDownView.swift */ = {isa = PBXFileReference; fileEncoding = 4; lastKnownFileType = sourcecode.swift; path = TouchDownView.swift; sourceTree = "<group>"; };
		9C485AB01CED7E130086B22E /* Sunline.swift */ = {isa = PBXFileReference; fileEncoding = 4; lastKnownFileType = sourcecode.swift; path = Sunline.swift; sourceTree = "<group>"; };
		9C4B86A31CFEBAC3002C4EA4 /* Bus.swift */ = {isa = PBXFileReference; fileEncoding = 4; lastKnownFileType = sourcecode.swift; path = Bus.swift; sourceTree = "<group>"; };
		9C4B86A51CFFE3D5002C4EA4 /* MainViewController.swift */ = {isa = PBXFileReference; fileEncoding = 4; lastKnownFileType = sourcecode.swift; path = MainViewController.swift; sourceTree = "<group>"; };
		9C4EFA001D1A6C13001CA591 /* Objective-CBridgingHeader.h */ = {isa = PBXFileReference; lastKnownFileType = sourcecode.c.h; path = "Objective-CBridgingHeader.h"; sourceTree = "<group>"; };
		9C6BCB1F1D3CA6970069BC16 /* InfoData.swift */ = {isa = PBXFileReference; fileEncoding = 4; lastKnownFileType = sourcecode.swift; path = InfoData.swift; sourceTree = "<group>"; };
		9C6BCB211D3CA6F00069BC16 /* SunType.swift */ = {isa = PBXFileReference; fileEncoding = 4; lastKnownFileType = sourcecode.swift; path = SunType.swift; sourceTree = "<group>"; };
		9C76542D1D166C0800E0B4F9 /* NotificationCenter.framework */ = {isa = PBXFileReference; lastKnownFileType = wrapper.framework; name = NotificationCenter.framework; path = System/Library/Frameworks/NotificationCenter.framework; sourceTree = SDKROOT; };
		9C857ADD1D23ABCA0016F9EC /* EDSunriseSet.framework */ = {isa = PBXFileReference; lastKnownFileType = wrapper.framework; name = EDSunriseSet.framework; path = "../../../../Library/Developer/Xcode/DerivedData/SunriseSunset-esumxsdsrqiykhcezudskznhehjj/Build/Products/Debug-iphoneos/EDSunriseSet/EDSunriseSet.framework"; sourceTree = "<group>"; };
		9C857ADF1D23ABDC0016F9EC /* SwiftLocation.framework */ = {isa = PBXFileReference; lastKnownFileType = wrapper.framework; name = SwiftLocation.framework; path = "../../../../Library/Developer/Xcode/DerivedData/SunriseSunset-esumxsdsrqiykhcezudskznhehjj/Build/Products/Debug-iphoneos/SwiftLocation/SwiftLocation.framework"; sourceTree = "<group>"; };
		9C88799F1D3752AF00B8D1B9 /* InfoViewController.swift */ = {isa = PBXFileReference; fileEncoding = 4; lastKnownFileType = sourcecode.swift; path = InfoViewController.swift; sourceTree = "<group>"; };
		9C8DFA5E1D1673DF00353D8C /* Info.plist */ = {isa = PBXFileReference; lastKnownFileType = text.plist.xml; path = Info.plist; sourceTree = "<group>"; };
		9C9740091CFC10F9000A5AFD /* Easing.swift */ = {isa = PBXFileReference; fileEncoding = 4; lastKnownFileType = sourcecode.swift; path = Easing.swift; sourceTree = "<group>"; };
		9CB196361D53190E005CD74E /* NSMutableAttributedString.swift */ = {isa = PBXFileReference; fileEncoding = 4; lastKnownFileType = sourcecode.swift; path = NSMutableAttributedString.swift; sourceTree = "<group>"; };
		9CB37BE51CE844400080B5B1 /* SunriseSunset.app */ = {isa = PBXFileReference; explicitFileType = wrapper.application; includeInIndex = 0; path = SunriseSunset.app; sourceTree = BUILT_PRODUCTS_DIR; };
		9CB37BE81CE844400080B5B1 /* AppDelegate.swift */ = {isa = PBXFileReference; lastKnownFileType = sourcecode.swift; path = AppDelegate.swift; sourceTree = "<group>"; };
		9CB37BEA1CE844400080B5B1 /* SunViewController.swift */ = {isa = PBXFileReference; lastKnownFileType = sourcecode.swift; path = SunViewController.swift; sourceTree = "<group>"; };
		9CB37BED1CE844400080B5B1 /* Base */ = {isa = PBXFileReference; lastKnownFileType = file.storyboard; name = Base; path = Base.lproj/Main.storyboard; sourceTree = "<group>"; };
		9CB37BEF1CE844400080B5B1 /* Assets.xcassets */ = {isa = PBXFileReference; lastKnownFileType = folder.assetcatalog; path = Assets.xcassets; sourceTree = "<group>"; };
		9CB37BF21CE844400080B5B1 /* Base */ = {isa = PBXFileReference; lastKnownFileType = file.storyboard; name = Base; path = Base.lproj/LaunchScreen.storyboard; sourceTree = "<group>"; };
		9CB37BF41CE844400080B5B1 /* Info.plist */ = {isa = PBXFileReference; lastKnownFileType = text.plist.xml; path = Info.plist; sourceTree = "<group>"; };
		9CB37BF91CE844400080B5B1 /* SunriseSunsetTests.xctest */ = {isa = PBXFileReference; explicitFileType = wrapper.cfbundle; includeInIndex = 0; path = SunriseSunsetTests.xctest; sourceTree = BUILT_PRODUCTS_DIR; };
		9CB37BFD1CE844400080B5B1 /* SunriseSunsetTests.swift */ = {isa = PBXFileReference; lastKnownFileType = sourcecode.swift; path = SunriseSunsetTests.swift; sourceTree = "<group>"; };
		9CB37BFF1CE844400080B5B1 /* Info.plist */ = {isa = PBXFileReference; lastKnownFileType = text.plist.xml; path = Info.plist; sourceTree = "<group>"; };
		9CB37C041CE844400080B5B1 /* SunriseSunsetUITests.xctest */ = {isa = PBXFileReference; explicitFileType = wrapper.cfbundle; includeInIndex = 0; path = SunriseSunsetUITests.xctest; sourceTree = BUILT_PRODUCTS_DIR; };
		9CB37C081CE844400080B5B1 /* SunriseSunsetUITests.swift */ = {isa = PBXFileReference; lastKnownFileType = sourcecode.swift; path = SunriseSunsetUITests.swift; sourceTree = "<group>"; };
		9CB37C0A1CE844400080B5B1 /* Info.plist */ = {isa = PBXFileReference; lastKnownFileType = text.plist.xml; path = Info.plist; sourceTree = "<group>"; };
		9CB5F24E1D167857005F4E10 /* SolisWidget.entitlements */ = {isa = PBXFileReference; lastKnownFileType = text.xml; path = SolisWidget.entitlements; sourceTree = "<group>"; };
		9CB5F24F1D1678CE005F4E10 /* SunriseSunset.entitlements */ = {isa = PBXFileReference; lastKnownFileType = text.xml; path = SunriseSunset.entitlements; sourceTree = "<group>"; };
		9CBAFF5E1D5198790009444E /* TouchThroughView.swift */ = {isa = PBXFileReference; fileEncoding = 4; lastKnownFileType = sourcecode.swift; path = TouchThroughView.swift; sourceTree = "<group>"; };
		9CBB09AD1CED6D1000F344C4 /* Sun.swift */ = {isa = PBXFileReference; fileEncoding = 4; lastKnownFileType = sourcecode.swift; path = Sun.swift; sourceTree = "<group>"; };
		9CC052351D22465A00CBBECE /* TimeZones.swift */ = {isa = PBXFileReference; fileEncoding = 4; lastKnownFileType = sourcecode.swift; path = TimeZones.swift; sourceTree = "<group>"; };
		9CC29EC61D8BB00A00542894 /* AsyncButton.swift */ = {isa = PBXFileReference; fileEncoding = 4; lastKnownFileType = sourcecode.swift; path = AsyncButton.swift; sourceTree = "<group>"; };
		9CC29EC71D8BB00A00542894 /* AsyncImageView.swift */ = {isa = PBXFileReference; fileEncoding = 4; lastKnownFileType = sourcecode.swift; path = AsyncImageView.swift; sourceTree = "<group>"; };
		9CC29EC81D8BB00A00542894 /* AutoTextView.swift */ = {isa = PBXFileReference; fileEncoding = 4; lastKnownFileType = sourcecode.swift; path = AutoTextView.swift; sourceTree = "<group>"; };
		9CC29EC91D8BB00A00542894 /* BlurView.swift */ = {isa = PBXFileReference; fileEncoding = 4; lastKnownFileType = sourcecode.swift; path = BlurView.swift; sourceTree = "<group>"; };
		9CC29ECA1D8BB00A00542894 /* DesignableButton.swift */ = {isa = PBXFileReference; fileEncoding = 4; lastKnownFileType = sourcecode.swift; path = DesignableButton.swift; sourceTree = "<group>"; };
		9CC29ECB1D8BB00A00542894 /* DesignableImageView.swift */ = {isa = PBXFileReference; fileEncoding = 4; lastKnownFileType = sourcecode.swift; path = DesignableImageView.swift; sourceTree = "<group>"; };
		9CC29ECC1D8BB00A00542894 /* DesignableLabel.swift */ = {isa = PBXFileReference; fileEncoding = 4; lastKnownFileType = sourcecode.swift; path = DesignableLabel.swift; sourceTree = "<group>"; };
		9CC29ECD1D8BB00A00542894 /* DesignableTabBarController.swift */ = {isa = PBXFileReference; fileEncoding = 4; lastKnownFileType = sourcecode.swift; path = DesignableTabBarController.swift; sourceTree = "<group>"; };
		9CC29ECE1D8BB00A00542894 /* DesignableTextField.swift */ = {isa = PBXFileReference; fileEncoding = 4; lastKnownFileType = sourcecode.swift; path = DesignableTextField.swift; sourceTree = "<group>"; };
		9CC29ECF1D8BB00A00542894 /* DesignableTextView.swift */ = {isa = PBXFileReference; fileEncoding = 4; lastKnownFileType = sourcecode.swift; path = DesignableTextView.swift; sourceTree = "<group>"; };
		9CC29ED01D8BB00A00542894 /* DesignableView.swift */ = {isa = PBXFileReference; fileEncoding = 4; lastKnownFileType = sourcecode.swift; path = DesignableView.swift; sourceTree = "<group>"; };
		9CC29ED11D8BB00A00542894 /* ImageLoader.swift */ = {isa = PBXFileReference; fileEncoding = 4; lastKnownFileType = sourcecode.swift; path = ImageLoader.swift; sourceTree = "<group>"; };
		9CC29ED21D8BB00A00542894 /* Info.plist */ = {isa = PBXFileReference; fileEncoding = 4; lastKnownFileType = text.plist.xml; path = Info.plist; sourceTree = "<group>"; };
		9CC29ED31D8BB00A00542894 /* KeyboardLayoutConstraint.swift */ = {isa = PBXFileReference; fileEncoding = 4; lastKnownFileType = sourcecode.swift; path = KeyboardLayoutConstraint.swift; sourceTree = "<group>"; };
		9CC29ED41D8BB00A00542894 /* LoadingView.swift */ = {isa = PBXFileReference; fileEncoding = 4; lastKnownFileType = sourcecode.swift; path = LoadingView.swift; sourceTree = "<group>"; };
		9CC29ED51D8BB00A00542894 /* LoadingView.xib */ = {isa = PBXFileReference; fileEncoding = 4; lastKnownFileType = file.xib; path = LoadingView.xib; sourceTree = "<group>"; };
		9CC29ED61D8BB00A00542894 /* Misc.swift */ = {isa = PBXFileReference; fileEncoding = 4; lastKnownFileType = sourcecode.swift; path = Misc.swift; sourceTree = "<group>"; };
		9CC29ED71D8BB00A00542894 /* SoundPlayer.swift */ = {isa = PBXFileReference; fileEncoding = 4; lastKnownFileType = sourcecode.swift; path = SoundPlayer.swift; sourceTree = "<group>"; };
		9CC29ED81D8BB00A00542894 /* Spring.h */ = {isa = PBXFileReference; fileEncoding = 4; lastKnownFileType = sourcecode.c.h; path = Spring.h; sourceTree = "<group>"; };
		9CC29ED91D8BB00A00542894 /* Spring.swift */ = {isa = PBXFileReference; fileEncoding = 4; lastKnownFileType = sourcecode.swift; path = Spring.swift; sourceTree = "<group>"; };
		9CC29EDA1D8BB00A00542894 /* SpringAnimation.swift */ = {isa = PBXFileReference; fileEncoding = 4; lastKnownFileType = sourcecode.swift; path = SpringAnimation.swift; sourceTree = "<group>"; };
		9CC29EDB1D8BB00A00542894 /* SpringButton.swift */ = {isa = PBXFileReference; fileEncoding = 4; lastKnownFileType = sourcecode.swift; path = SpringButton.swift; sourceTree = "<group>"; };
		9CC29EDC1D8BB00A00542894 /* SpringImageView.swift */ = {isa = PBXFileReference; fileEncoding = 4; lastKnownFileType = sourcecode.swift; path = SpringImageView.swift; sourceTree = "<group>"; };
		9CC29EDD1D8BB00A00542894 /* SpringLabel.swift */ = {isa = PBXFileReference; fileEncoding = 4; lastKnownFileType = sourcecode.swift; path = SpringLabel.swift; sourceTree = "<group>"; };
		9CC29EDE1D8BB00A00542894 /* SpringTextField.swift */ = {isa = PBXFileReference; fileEncoding = 4; lastKnownFileType = sourcecode.swift; path = SpringTextField.swift; sourceTree = "<group>"; };
		9CC29EDF1D8BB00A00542894 /* SpringTextView.swift */ = {isa = PBXFileReference; fileEncoding = 4; lastKnownFileType = sourcecode.swift; path = SpringTextView.swift; sourceTree = "<group>"; };
		9CC29EE01D8BB00A00542894 /* SpringView.swift */ = {isa = PBXFileReference; fileEncoding = 4; lastKnownFileType = sourcecode.swift; path = SpringView.swift; sourceTree = "<group>"; };
		9CC29EE11D8BB00A00542894 /* TransitionManager.swift */ = {isa = PBXFileReference; fileEncoding = 4; lastKnownFileType = sourcecode.swift; path = TransitionManager.swift; sourceTree = "<group>"; };
		9CC29EE21D8BB00A00542894 /* TransitionZoom.swift */ = {isa = PBXFileReference; fileEncoding = 4; lastKnownFileType = sourcecode.swift; path = TransitionZoom.swift; sourceTree = "<group>"; };
		9CC29EE31D8BB00A00542894 /* UnwindSegue.swift */ = {isa = PBXFileReference; fileEncoding = 4; lastKnownFileType = sourcecode.swift; path = UnwindSegue.swift; sourceTree = "<group>"; };
		9CC427A41D11088100693E32 /* UILabel.swift */ = {isa = PBXFileReference; fileEncoding = 4; lastKnownFileType = sourcecode.swift; path = UILabel.swift; sourceTree = "<group>"; };
		9CC92F631CFEB1D500FA320D /* MenuViewController.swift */ = {isa = PBXFileReference; fileEncoding = 4; lastKnownFileType = sourcecode.swift; path = MenuViewController.swift; sourceTree = "<group>"; };
		9CDE815B1D03E8710036FD34 /* Muli-Light.ttf */ = {isa = PBXFileReference; lastKnownFileType = file; path = "Muli-Light.ttf"; sourceTree = "<group>"; };
		9CDE815C1D03E8710036FD34 /* Muli-Regular.ttf */ = {isa = PBXFileReference; lastKnownFileType = file; path = "Muli-Regular.ttf"; sourceTree = "<group>"; };
		9CE6F8DD1D56E2F300CD5680 /* SunArea.swift */ = {isa = PBXFileReference; fileEncoding = 4; lastKnownFileType = sourcecode.swift; path = SunArea.swift; sourceTree = "<group>"; };
		9CE885951CEFEC260045BEFB /* SunLocation.swift */ = {isa = PBXFileReference; fileEncoding = 4; lastKnownFileType = sourcecode.swift; path = SunLocation.swift; sourceTree = "<group>"; };
		9CEDC3711D6C20C000F12B29 /* BellButton.swift */ = {isa = PBXFileReference; fileEncoding = 4; lastKnownFileType = sourcecode.swift; path = BellButton.swift; sourceTree = "<group>"; };
		CD058FA461B9EFA02E78BDBA /* BackgroundRefresh.swift */ = {isa = PBXFileReference; includeInIndex = 1; lastKnownFileType = sourcecode.swift; path = BackgroundRefresh.swift; sourceTree = "<group>"; };
		E6912BE2275D31864D92802B /* EDSunriseSet.h */ = {isa = PBXFileReference; includeInIndex = 1; lastKnownFileType = sourcecode.c.h; path = EDSunriseSet.h; sourceTree = "<group>"; };
/* End PBXFileReference section */

/* Begin PBXFrameworksBuildPhase section */
		470CD166B859024876E31296 /* Frameworks */ = {
			isa = PBXFrameworksBuildPhase;
			buildActionMask = 2147483647;
			files = (
				1D08C72F7F3FDEEF62617817 /* Foundation.framework in Frameworks */,
			);
			runOnlyForDeploymentPostprocessing = 0;
		};
		9CB37BE21CE844400080B5B1 /* Frameworks */ = {
			isa = PBXFrameworksBuildPhase;
			buildActionMask = 2147483647;
			files = (
			);
			runOnlyForDeploymentPostprocessing = 0;
		};
		9CB37BF61CE844400080B5B1 /* Frameworks */ = {
			isa = PBXFrameworksBuildPhase;
			buildActionMask = 2147483647;
			files = (
			);
			runOnlyForDeploymentPostprocessing = 0;
		};
		9CB37C011CE844400080B5B1 /* Frameworks */ = {
			isa = PBXFrameworksBuildPhase;
			buildActionMask = 2147483647;
			files = (
			);
			runOnlyForDeploymentPostprocessing = 0;
		};
/* End PBXFrameworksBuildPhase section */

/* Begin PBXGroup section */
		69BBFC24078540B1D3E7C31D /* Frameworks */ = {
			isa = PBXGroup;
			children = (
				9C857ADF1D23ABDC0016F9EC /* SwiftLocation.framework */,
				9C857ADD1D23ABCA0016F9EC /* EDSunriseSet.framework */,
				9C76542D1D166C0800E0B4F9 /* NotificationCenter.framework */,
				94A04458970CE1F63678EFB6 /* iOS */,
			);
			name = Frameworks;
			sourceTree = "<group>";
		};
		94A04458970CE1F63678EFB6 /* iOS */ = {
			isa = PBXGroup;
			children = (
				4AE7CBA9AB862BFA860F55BA /* Foundation.framework */,
			);
			name = iOS;
			sourceTree = "<group>";
		};
		9C13350D1D1529A1004B3F1B /* ViewControllers */ = {
			isa = PBXGroup;
			children = (
				9C13350B1D152218004B3F1B /* LocationChangeViewController.swift */,
				9C4B86A51CFFE3D5002C4EA4 /* MainViewController.swift */,
				9CC92F631CFEB1D500FA320D /* MenuViewController.swift */,
				9CB37BEA1CE844400080B5B1 /* SunViewController.swift */,
				9C27BE661D2CDBDE0093B2A6 /* InfoMenuViewController.swift */,
				9C88799F1D3752AF00B8D1B9 /* InfoViewController.swift */,
			);
			name = ViewControllers;
			sourceTree = "<group>";
		};
		9C20A3F61D0FD3AE0079F3A5 /* Playground */ = {
			isa = PBXGroup;
			children = (
			);
			name = Playground;
			sourceTree = "<group>";
		};
		9C3314F51CE976AF004D012E /* Extensions */ = {
			isa = PBXGroup;
			children = (
				9C3314F61CE976BE004D012E /* NSDate.swift */,
				9C3314F81CE9A723004D012E /* UIColor.swift */,
				9CC427A41D11088100693E32 /* UILabel.swift */,
				9C27BE6A1D3212520093B2A6 /* UIButton.swift */,
				9CB196361D53190E005CD74E /* NSMutableAttributedString.swift */,
			);
			name = Extensions;
			sourceTree = "<group>";
		};
		9C485AB21CED807A0086B22E /* SunStuff */ = {
			isa = PBXGroup;
			children = (
				9CE885951CEFEC260045BEFB /* SunLocation.swift */,
				9C3314F11CE95783004D012E /* Suntime.swift */,
				9CBB09AD1CED6D1000F344C4 /* Sun.swift */,
				9C485AB01CED7E130086B22E /* Sunline.swift */,
				9C20A3F81D0FD5D40079F3A5 /* SunLogic.swift */,
				9C6BCB211D3CA6F00069BC16 /* SunType.swift */,
				9C36570D1D471688001019BB /* SunPlace.swift */,
				9CE6F8DD1D56E2F300CD5680 /* SunArea.swift */,
			);
			name = SunStuff;
			sourceTree = "<group>";
		};
		9C8DFA581D1673DF00353D8C /* SolisWidget */ = {
			isa = PBXGroup;
			children = (
				9CB5F24E1D167857005F4E10 /* SolisWidget.entitlements */,
				9C8DFA5E1D1673DF00353D8C /* Info.plist */,
				2242A66A4072558D25ABC9DE /* SolisWidget.swift */,
			);
			path = SolisWidget;
			sourceTree = "<group>";
		};
		9CB37BDC1CE844400080B5B1 = {
			isa = PBXGroup;
			children = (
				9CB37BE71CE844400080B5B1 /* SunriseSunset */,
				9CB37BFC1CE844400080B5B1 /* SunriseSunsetTests */,
				9CB37C071CE844400080B5B1 /* SunriseSunsetUITests */,
				9C8DFA581D1673DF00353D8C /* SolisWidget */,
				9CB37BE61CE844400080B5B1 /* Products */,
				69BBFC24078540B1D3E7C31D /* Frameworks */,
			);
			sourceTree = "<group>";
		};
		9CB37BE61CE844400080B5B1 /* Products */ = {
			isa = PBXGroup;
			children = (
				9CB37BE51CE844400080B5B1 /* SunriseSunset.app */,
				9CB37BF91CE844400080B5B1 /* SunriseSunsetTests.xctest */,
				9CB37C041CE844400080B5B1 /* SunriseSunsetUITests.xctest */,
				3F6C1433D94FFEE08BCA501A /* SolisWidget.appex */,
			);
			name = Products;
			sourceTree = "<group>";
		};
		9CB37BE71CE844400080B5B1 /* SunriseSunset */ = {
			isa = PBXGroup;
			children = (
				9CC29EC51D8BB00A00542894 /* Spring */,
				9CB5F24F1D1678CE005F4E10 /* SunriseSunset.entitlements */,
				9C4EFA001D1A6C13001CA591 /* Objective-CBridgingHeader.h */,
				9CB37BF41CE844400080B5B1 /* Info.plist */,
				9CB37BE81CE844400080B5B1 /* AppDelegate.swift */,
				9CEDC3711D6C20C000F12B29 /* BellButton.swift */,
				9C4B86A31CFEBAC3002C4EA4 /* Bus.swift */,
				9C236CD71D16798300FB9985 /* Defaults.swift */,
				9C9740091CFC10F9000A5AFD /* Easing.swift */,
				9C6BCB1F1D3CA6970069BC16 /* InfoData.swift */,
				9C1F57A01CF26C67000E8B29 /* MomentumScroll.swift */,
				9C3314F31CE9712F004D012E /* Styles.swift */,
				9C236CDE1D169C6900FB9985 /* TimeFormatters.swift */,
				9CC052351D22465A00CBBECE /* TimeZones.swift */,
				9C37C0C11CF6C929002ED35A /* TouchDownView.swift */,
				9CBAFF5E1D5198790009444E /* TouchThroughView.swift */,
				9CB37BEF1CE844400080B5B1 /* Assets.xcassets */,
				9C3314F51CE976AF004D012E /* Extensions */,
				9CDE815A1D03E7D50036FD34 /* Fonts */,
				9CB37BF11CE844400080B5B1 /* LaunchScreen.storyboard */,
				9CB37BEC1CE844400080B5B1 /* Main.storyboard */,
				9C20A3F61D0FD3AE0079F3A5 /* Playground */,
				9C485AB21CED807A0086B22E /* SunStuff */,
				9C13350D1D1529A1004B3F1B /* ViewControllers */,
				CA9CEEEFB9E17F518EAF1CFA /* EDSunriseSet */,
				D72A469B93F0784C99D7C91D /* Services */,
			);
			path = SunriseSunset;
			sourceTree = "<group>";
		};
		9CB37BFC1CE844400080B5B1 /* SunriseSunsetTests */ = {
			isa = PBXGroup;
			children = (
				9CB37BFD1CE844400080B5B1 /* SunriseSunsetTests.swift */,
				9CB37BFF1CE844400080B5B1 /* Info.plist */,
			);
			path = SunriseSunsetTests;
			sourceTree = "<group>";
		};
		9CB37C071CE844400080B5B1 /* SunriseSunsetUITests */ = {
			isa = PBXGroup;
			children = (
				9CB37C081CE844400080B5B1 /* SunriseSunsetUITests.swift */,
				9CB37C0A1CE844400080B5B1 /* Info.plist */,
			);
			path = SunriseSunsetUITests;
			sourceTree = "<group>";
		};
		9CC29EC51D8BB00A00542894 /* Spring */ = {
			isa = PBXGroup;
			children = (
				9CC29EC61D8BB00A00542894 /* AsyncButton.swift */,
				9CC29EC71D8BB00A00542894 /* AsyncImageView.swift */,
				9CC29EC81D8BB00A00542894 /* AutoTextView.swift */,
				9CC29EC91D8BB00A00542894 /* BlurView.swift */,
				9CC29ECA1D8BB00A00542894 /* DesignableButton.swift */,
				9CC29ECB1D8BB00A00542894 /* DesignableImageView.swift */,
				9CC29ECC1D8BB00A00542894 /* DesignableLabel.swift */,
				9CC29ECD1D8BB00A00542894 /* DesignableTabBarController.swift */,
				9CC29ECE1D8BB00A00542894 /* DesignableTextField.swift */,
				9CC29ECF1D8BB00A00542894 /* DesignableTextView.swift */,
				9CC29ED01D8BB00A00542894 /* DesignableView.swift */,
				9CC29ED11D8BB00A00542894 /* ImageLoader.swift */,
				9CC29ED21D8BB00A00542894 /* Info.plist */,
				9CC29ED31D8BB00A00542894 /* KeyboardLayoutConstraint.swift */,
				9CC29ED41D8BB00A00542894 /* LoadingView.swift */,
				9CC29ED51D8BB00A00542894 /* LoadingView.xib */,
				9CC29ED61D8BB00A00542894 /* Misc.swift */,
				9CC29ED71D8BB00A00542894 /* SoundPlayer.swift */,
				9CC29ED81D8BB00A00542894 /* Spring.h */,
				9CC29ED91D8BB00A00542894 /* Spring.swift */,
				9CC29EDA1D8BB00A00542894 /* SpringAnimation.swift */,
				9CC29EDB1D8BB00A00542894 /* SpringButton.swift */,
				9CC29EDC1D8BB00A00542894 /* SpringImageView.swift */,
				9CC29EDD1D8BB00A00542894 /* SpringLabel.swift */,
				9CC29EDE1D8BB00A00542894 /* SpringTextField.swift */,
				9CC29EDF1D8BB00A00542894 /* SpringTextView.swift */,
				9CC29EE01D8BB00A00542894 /* SpringView.swift */,
				9CC29EE11D8BB00A00542894 /* TransitionManager.swift */,
				9CC29EE21D8BB00A00542894 /* TransitionZoom.swift */,
				9CC29EE31D8BB00A00542894 /* UnwindSegue.swift */,
			);
			path = Spring;
			sourceTree = "<group>";
		};
		9CDE815A1D03E7D50036FD34 /* Fonts */ = {
			isa = PBXGroup;
			children = (
				9CDE815B1D03E8710036FD34 /* Muli-Light.ttf */,
				9CDE815C1D03E8710036FD34 /* Muli-Regular.ttf */,
			);
			name = Fonts;
			sourceTree = "<group>";
		};
		CA9CEEEFB9E17F518EAF1CFA /* EDSunriseSet */ = {
			isa = PBXGroup;
			children = (
				E6912BE2275D31864D92802B /* EDSunriseSet.h */,
				3A0AAE4A6F08C0DDC6F474AC /* EDSunriseSet.m */,
			);
			path = EDSunriseSet;
			sourceTree = "<group>";
		};
		D72A469B93F0784C99D7C91D /* Services */ = {
			isa = PBXGroup;
			children = (
				1AE6027251CB52A1450C74C9 /* NotificationScheduler.swift */,
				CD058FA461B9EFA02E78BDBA /* BackgroundRefresh.swift */,
			);
			name = Services;
			path = Services;
			sourceTree = "<group>";
		};
/* End PBXGroup section */

/* Begin PBXNativeTarget section */
		980440F7EF737CC85D9BCC59 /* SolisWidget */ = {
			isa = PBXNativeTarget;
			buildConfigurationList = 87BDA18B344A66A22AE7EFA1 /* Build configuration list for PBXNativeTarget "SolisWidget" */;
			buildPhases = (
				D39D010DD54DB83A9DA23D7C /* Sources */,
				470CD166B859024876E31296 /* Frameworks */,
				C24C82740E78D74C654ACC20 /* Resources */,
			);
			buildRules = (
			);
			dependencies = (
			);
			name = SolisWidget;
			productName = SolisWidget;
			productReference = 3F6C1433D94FFEE08BCA501A /* SolisWidget.appex */;
			productType = "com.apple.product-type.app-extension";
		};
		9CB37BE41CE844400080B5B1 /* SunriseSunset */ = {
			isa = PBXNativeTarget;
			buildConfigurationList = 9CB37C0D1CE844400080B5B1 /* Build configuration list for PBXNativeTarget "SunriseSunset" */;
			buildPhases = (
				9CB37BE11CE844400080B5B1 /* Sources */,
				9CB37BE21CE844400080B5B1 /* Frameworks */,
				9CB37BE31CE844400080B5B1 /* Resources */,
				3C89CC51989E1DCE383B524F /* Embed App Extensions */,
			);
			buildRules = (
			);
			dependencies = (
				3EE05AD470706E60DDCC04AC /* PBXTargetDependency */,
			);
			name = SunriseSunset;
			productName = SunriseSunset;
			productReference = 9CB37BE51CE844400080B5B1 /* SunriseSunset.app */;
			productType = "com.apple.product-type.application";
		};
		9CB37BF81CE844400080B5B1 /* SunriseSunsetTests */ = {
			isa = PBXNativeTarget;
			buildConfigurationList = 9CB37C101CE844400080B5B1 /* Build configuration list for PBXNativeTarget "SunriseSunsetTests" */;
			buildPhases = (
				9CB37BF51CE844400080B5B1 /* Sources */,
				9CB37BF61CE844400080B5B1 /* Frameworks */,
				9CB37BF71CE844400080B5B1 /* Resources */,
			);
			buildRules = (
			);
			dependencies = (
				9CB37BFB1CE844400080B5B1 /* PBXTargetDependency */,
			);
			name = SunriseSunsetTests;
			productName = SunriseSunsetTests;
			productReference = 9CB37BF91CE844400080B5B1 /* SunriseSunsetTests.xctest */;
			productType = "com.apple.product-type.bundle.unit-test";
		};
		9CB37C031CE844400080B5B1 /* SunriseSunsetUITests */ = {
			isa = PBXNativeTarget;
			buildConfigurationList = 9CB37C131CE844400080B5B1 /* Build configuration list for PBXNativeTarget "SunriseSunsetUITests" */;
			buildPhases = (
				9CB37C001CE844400080B5B1 /* Sources */,
				9CB37C011CE844400080B5B1 /* Frameworks */,
				9CB37C021CE844400080B5B1 /* Resources */,
			);
			buildRules = (
			);
			dependencies = (
				9CB37C061CE844400080B5B1 /* PBXTargetDependency */,
			);
			name = SunriseSunsetUITests;
			productName = SunriseSunsetUITests;
			productReference = 9CB37C041CE844400080B5B1 /* SunriseSunsetUITests.xctest */;
			productType = "com.apple.product-type.bundle.ui-testing";
		};
/* End PBXNativeTarget section */

/* Begin PBXProject section */
		9CB37BDD1CE844400080B5B1 /* Project object */ = {
			isa = PBXProject;
			attributes = {
				LastSwiftUpdateCheck = 0730;
				LastUpgradeCheck = 1110;
				ORGANIZATIONNAME = Puddllee;
				TargetAttributes = {
					980440F7EF737CC85D9BCC59 = {
						DevelopmentTeam = 4TPDCY22V9;
					};
					9CB37BE41CE844400080B5B1 = {
						CreatedOnToolsVersion = 7.3.1;
						DevelopmentTeam = 4TPDCY22V9;
						LastSwiftMigration = 1110;
						SystemCapabilities = {
							com.apple.ApplicationGroups.iOS = {
								enabled = 1;
							};
							com.apple.BackgroundModes = {
								enabled = 1;
							};
						};
					};
					9CB37BF81CE844400080B5B1 = {
						CreatedOnToolsVersion = 7.3.1;
						LastSwiftMigration = 1110;
						TestTargetID = 9CB37BE41CE844400080B5B1;
					};
					9CB37C031CE844400080B5B1 = {
						CreatedOnToolsVersion = 7.3.1;
						LastSwiftMigration = 1110;
						TestTargetID = 9CB37BE41CE844400080B5B1;
					};
				};
			};
			buildConfigurationList = 9CB37BE01CE844400080B5B1 /* Build configuration list for PBXProject "SunriseSunset" */;
			compatibilityVersion = "Xcode 3.2";
			developmentRegion = English;
			hasScannedForEncodings = 0;
			knownRegions = (
				English,
				en,
				Base,
			);
			mainGroup = 9CB37BDC1CE844400080B5B1;
			productRefGroup = 9CB37BE61CE844400080B5B1 /* Products */;
			projectDirPath = "";
			projectRoot = "";
			targets = (
				9CB37BE41CE844400080B5B1 /* SunriseSunset */,
				9CB37BF81CE844400080B5B1 /* SunriseSunsetTests */,
				9CB37C031CE844400080B5B1 /* SunriseSunsetUITests */,
				980440F7EF737CC85D9BCC59 /* SolisWidget */,
			);
		};
/* End PBXProject section */

/* Begin PBXResourcesBuildPhase section */
		9CB37BE31CE844400080B5B1 /* Resources */ = {
			isa = PBXResourcesBuildPhase;
			buildActionMask = 2147483647;
			files = (
				9C236CE61D16B0B500FB9985 /* SolisWidget.entitlements in Resources */,
				9CB37BF31CE844400080B5B1 /* LaunchScreen.storyboard in Resources */,
				9CB37BF01CE844400080B5B1 /* Assets.xcassets in Resources */,
				9CDE815D1D03E8710036FD34 /* Muli-Light.ttf in Resources */,
				9CDE815E1D03E8710036FD34 /* Muli-Regular.ttf in Resources */,
				9CB37BEE1CE844400080B5B1 /* Main.storyboard in Resources */,
				9CC29EF31D8BB00A00542894 /* LoadingView.xib in Resources */,
			);
			runOnlyForDeploymentPostprocessing = 0;
		};
		9CB37BF71CE844400080B5B1 /* Resources */ = {
			isa = PBXResourcesBuildPhase;
			buildActionMask = 2147483647;
			files = (
			);
			runOnlyForDeploymentPostprocessing = 0;
		};
		9CB37C021CE844400080B5B1 /* Resources */ = {
			isa = PBXResourcesBuildPhase;
			buildActionMask = 2147483647;
			files = (
			);
			runOnlyForDeploymentPostprocessing = 0;
		};
		C24C82740E78D74C654ACC20 /* Resources */ = {
			isa = PBXResourcesBuildPhase;
			buildActionMask = 2147483647;
			files = (
				BB8B8A3C984306B35BD1F6E7 /* Muli-Light.ttf in Resources */,
				D9A845FED744919AEBB915F5 /* Muli-Regular.ttf in Resources */,
			);
			runOnlyForDeploymentPostprocessing = 0;
		};
/* End PBXResourcesBuildPhase section */

/* Begin PBXSourcesBuildPhase section */
		9CB37BE11CE844400080B5B1 /* Sources */ = {
			isa = PBXSourcesBuildPhase;
			buildActionMask = 2147483647;
			files = (
				9CBAFF5F1D5198790009444E /* TouchThroughView.swift in Sources */,
				9CB37BEB1CE844400080B5B1 /* SunViewController.swift in Sources */,
				9CB37BE91CE844400080B5B1 /* AppDelegate.swift in Sources */,
				9CC29EFF1D8BB00A00542894 /* TransitionZoom.swift in Sources */,
				9C97400A1CFC10F9000A5AFD /* Easing.swift in Sources */,
				9C6BCB201D3CA6970069BC16 /* InfoData.swift in Sources */,
				9C36570E1D471688001019BB /* SunPlace.swift in Sources */,
				9C1F57A11CF26C67000E8B29 /* MomentumScroll.swift in Sources */,
				9CC29EE81D8BB00A00542894 /* DesignableButton.swift in Sources */,
				9CC29EEC1D8BB00A00542894 /* DesignableTextField.swift in Sources */,
				9CEDC3721D6C20C000F12B29 /* BellButton.swift in Sources */,
				9CC29EFC1D8BB00A00542894 /* SpringTextView.swift in Sources */,
				9CC427A51D11088100693E32 /* UILabel.swift in Sources */,
				9C27BE6B1D3212520093B2A6 /* UIButton.swift in Sources */,
				9C4B86A41CFEBAC3002C4EA4 /* Bus.swift in Sources */,
				9CC29EFE1D8BB00A00542894 /* TransitionManager.swift in Sources */,
				9C8879A01D3752AF00B8D1B9 /* InfoViewController.swift in Sources */,
				9CC29EF91D8BB00A00542894 /* SpringImageView.swift in Sources */,
				9CC29EED1D8BB00A00542894 /* DesignableTextView.swift in Sources */,
				9CC29EE41D8BB00A00542894 /* AsyncButton.swift in Sources */,
				9C3314F21CE95783004D012E /* Suntime.swift in Sources */,
				9CBB09AE1CED6D1000F344C4 /* Sun.swift in Sources */,
				9CC29EE91D8BB00A00542894 /* DesignableImageView.swift in Sources */,
				9CE885961CEFEC260045BEFB /* SunLocation.swift in Sources */,
				9CC29EFA1D8BB00A00542894 /* SpringLabel.swift in Sources */,
				9CC29EF61D8BB00A00542894 /* Spring.swift in Sources */,
				9CC92F641CFEB1D500FA320D /* MenuViewController.swift in Sources */,
				9CC29F001D8BB00A00542894 /* UnwindSegue.swift in Sources */,
				9CB196371D53190E005CD74E /* NSMutableAttributedString.swift in Sources */,
				9C4B86A61CFFE3D5002C4EA4 /* MainViewController.swift in Sources */,
				9C6BCB221D3CA6F00069BC16 /* SunType.swift in Sources */,
				9C3314F71CE976BE004D012E /* NSDate.swift in Sources */,
				9CC29EFB1D8BB00A00542894 /* SpringTextField.swift in Sources */,
				9C3314F41CE9712F004D012E /* Styles.swift in Sources */,
				9C236CD81D16798300FB9985 /* Defaults.swift in Sources */,
				9CC29EF21D8BB00A00542894 /* LoadingView.swift in Sources */,
				9CC29EF11D8BB00A00542894 /* KeyboardLayoutConstraint.swift in Sources */,
				9C485AB11CED7E130086B22E /* Sunline.swift in Sources */,
				9CC29EF81D8BB00A00542894 /* SpringButton.swift in Sources */,
				9CC29EF41D8BB00A00542894 /* Misc.swift in Sources */,
				9CC29EEB1D8BB00A00542894 /* DesignableTabBarController.swift in Sources */,
				9CC052361D22465A00CBBECE /* TimeZones.swift in Sources */,
				9CC29EEF1D8BB00A00542894 /* ImageLoader.swift in Sources */,
				9C20A3F91D0FD5D40079F3A5 /* SunLogic.swift in Sources */,
				9C37C0C21CF6C929002ED35A /* TouchDownView.swift in Sources */,
				9CC29EEA1D8BB00A00542894 /* DesignableLabel.swift in Sources */,
				9CE6F8DE1D56E2F300CD5680 /* SunArea.swift in Sources */,
				9CC29EE71D8BB00A00542894 /* BlurView.swift in Sources */,
				9CC29EF71D8BB00A00542894 /* SpringAnimation.swift in Sources */,
				9C13350C1D152218004B3F1B /* LocationChangeViewController.swift in Sources */,
				9C3314F91CE9A723004D012E /* UIColor.swift in Sources */,
				9CC29EFD1D8BB00A00542894 /* SpringView.swift in Sources */,
				9CC29EF51D8BB00A00542894 /* SoundPlayer.swift in Sources */,
				9C236CDF1D169C6900FB9985 /* TimeFormatters.swift in Sources */,
				9CC29EE61D8BB00A00542894 /* AutoTextView.swift in Sources */,
				9C27BE671D2CDBDE0093B2A6 /* InfoMenuViewController.swift in Sources */,
				9CC29EE51D8BB00A00542894 /* AsyncImageView.swift in Sources */,
				9CC29EEE1D8BB00A00542894 /* DesignableView.swift in Sources */,
				21112CEC9025F28135534F7B /* EDSunriseSet.m in Sources */,
				AAC4FAF18944557101AE3D05 /* NotificationScheduler.swift in Sources */,
				875D0F018EA86DD31B0B14F0 /* BackgroundRefresh.swift in Sources */,
			);
			runOnlyForDeploymentPostprocessing = 0;
		};
		9CB37BF51CE844400080B5B1 /* Sources */ = {
			isa = PBXSourcesBuildPhase;
			buildActionMask = 2147483647;
			files = (
				9CB37BFE1CE844400080B5B1 /* SunriseSunsetTests.swift in Sources */,
			);
			runOnlyForDeploymentPostprocessing = 0;
		};
		9CB37C001CE844400080B5B1 /* Sources */ = {
			isa = PBXSourcesBuildPhase;
			buildActionMask = 2147483647;
			files = (
				9CB37C091CE844400080B5B1 /* SunriseSunsetUITests.swift in Sources */,
			);
			runOnlyForDeploymentPostprocessing = 0;
		};
		D39D010DD54DB83A9DA23D7C /* Sources */ = {
			isa = PBXSourcesBuildPhase;
			buildActionMask = 2147483647;
			files = (
				EAB24A15FED9F76A9E01C843 /* SolisWidget.swift in Sources */,
				D076170565B3BC91A7AE6855 /* UIColor.swift in Sources */,
				DF75EEAD813A951B758723F8 /* SunLogic.swift in Sources */,
				F0EA23BB4999D15E5D3A3CD9 /* TimeFormatters.swift in Sources */,
				4DD0CFDBA78A3D6910ADE8F7 /* Defaults.swift in Sources */,
				1366C148184BDFB624578598 /* NSDate.swift in Sources */,
				230AF26175B6E6B26362968D /* Styles.swift in Sources */,
				48D2BEE4C590A877365129A5 /* SunLocation.swift in Sources */,
				0766453BE08DF11A201E19B7 /* SunPlace.swift in Sources */,
				DA9E27A743466059639DD154 /* SunType.swift in Sources */,
				ACF45D78DAA5A864F2F29079 /* Bus.swift in Sources */,
				4A870F317F5B472ACD5FDABB /* Suntime.swift in Sources */,
				4F979626AF749AB7EDF9BC1C /* EDSunriseSet.m in Sources */,
			);
			runOnlyForDeploymentPostprocessing = 0;
		};
/* End PBXSourcesBuildPhase section */

/* Begin PBXTargetDependency section */
		3EE05AD470706E60DDCC04AC /* PBXTargetDependency */ = {
			isa = PBXTargetDependency;
			name = SolisWidget;
			target = 980440F7EF737CC85D9BCC59 /* SolisWidget */;
			targetProxy = 8F91B608A14F05E778707478 /* PBXContainerItemProxy */;
		};
		9CB37BFB1CE844400080B5B1 /* PBXTargetDependency */ = {
			isa = PBXTargetDependency;
			target = 9CB37BE41CE844400080B5B1 /* SunriseSunset */;
			targetProxy = 9CB37BFA1CE844400080B5B1 /* PBXContainerItemProxy */;
		};
		9CB37C061CE844400080B5B1 /* PBXTargetDependency */ = {
			isa = PBXTargetDependency;
			target = 9CB37BE41CE844400080B5B1 /* SunriseSunset */;
			targetProxy = 9CB37C051CE844400080B5B1 /* PBXContainerItemProxy */;
		};
/* End PBXTargetDependency section */

/* Begin PBXVariantGroup section */
		9CB37BEC1CE844400080B5B1 /* Main.storyboard */ = {
			isa = PBXVariantGroup;
			children = (
				9CB37BED1CE844400080B5B1 /* Base */,
			);
			name = Main.storyboard;
			sourceTree = "<group>";
		};
		9CB37BF11CE844400080B5B1 /* LaunchScreen.storyboard */ = {
			isa = PBXVariantGroup;
			children = (
				9CB37BF21CE844400080B5B1 /* Base */,
			);
			name = LaunchScreen.storyboard;
			sourceTree = "<group>";
		};
/* End PBXVariantGroup section */

/* Begin XCBuildConfiguration section */
		9CB37C0B1CE844400080B5B1 /* Debug */ = {
			isa = XCBuildConfiguration;
			buildSettings = {
				ALWAYS_SEARCH_USER_PATHS = NO;
				CLANG_ANALYZER_LOCALIZABILITY_NONLOCALIZED = YES;
				CLANG_ANALYZER_NONNULL = YES;
				CLANG_CXX_LANGUAGE_STANDARD = "gnu++0x";
				CLANG_CXX_LIBRARY = "libc++";
				CLANG_ENABLE_MODULES = YES;
				CLANG_ENABLE_OBJC_ARC = YES;
				CLANG_WARN_BLOCK_CAPTURE_AUTORELEASING = YES;
				CLANG_WARN_BOOL_CONVERSION = YES;
				CLANG_WARN_COMMA = YES;
				CLANG_WARN_CONSTANT_CONVERSION = YES;
				CLANG_WARN_DEPRECATED_OBJC_IMPLEMENTATIONS = YES;
				CLANG_WARN_DIRECT_OBJC_ISA_USAGE = YES_ERROR;
				CLANG_WARN_EMPTY_BODY = YES;
				CLANG_WARN_ENUM_CONVERSION = YES;
				CLANG_WARN_INFINITE_RECURSION = YES;
				CLANG_WARN_INT_CONVERSION = YES;
				CLANG_WARN_NON_LITERAL_NULL_CONVERSION = YES;
				CLANG_WARN_OBJC_IMPLICIT_RETAIN_SELF = YES;
				CLANG_WARN_OBJC_LITERAL_CONVERSION = YES;
				CLANG_WARN_OBJC_ROOT_CLASS = YES_ERROR;
				CLANG_WARN_RANGE_LOOP_ANALYSIS = YES;
				CLANG_WARN_STRICT_PROTOTYPES = YES;
				CLANG_WARN_SUSPICIOUS_MOVE = YES;
				CLANG_WARN_UNREACHABLE_CODE = YES;
				CLANG_WARN__DUPLICATE_METHOD_MATCH = YES;
				"CODE_SIGN_IDENTITY[sdk=iphoneos*]" = "iPhone Developer";
				COPY_PHASE_STRIP = NO;
				DEBUG_INFORMATION_FORMAT = dwarf;
				ENABLE_STRICT_OBJC_MSGSEND = YES;
				ENABLE_TESTABILITY = YES;
				GCC_C_LANGUAGE_STANDARD = gnu99;
				GCC_DYNAMIC_NO_PIC = NO;
				GCC_NO_COMMON_BLOCKS = YES;
				GCC_OPTIMIZATION_LEVEL = 0;
				GCC_PREPROCESSOR_DEFINITIONS = (
					"DEBUG=1",
					"$(inherited)",
				);
				GCC_WARN_64_TO_32_BIT_CONVERSION = YES;
				GCC_WARN_ABOUT_RETURN_TYPE = YES_ERROR;
				GCC_WARN_UNDECLARED_SELECTOR = YES;
				GCC_WARN_UNINITIALIZED_AUTOS = YES_AGGRESSIVE;
				GCC_WARN_UNUSED_FUNCTION = YES;
				GCC_WARN_UNUSED_VARIABLE = YES;
				IPHONEOS_DEPLOYMENT_TARGET = 18.0;
				MTL_ENABLE_DEBUG_INFO = YES;
				ONLY_ACTIVE_ARCH = YES;
				SDKROOT = iphoneos;
				SWIFT_OPTIMIZATION_LEVEL = "-Onone";
			};
			name = Debug;
		};
		9CB37C0C1CE844400080B5B1 /* Release */ = {
			isa = XCBuildConfiguration;
			buildSettings = {
				ALWAYS_SEARCH_USER_PATHS = NO;
				CLANG_ANALYZER_LOCALIZABILITY_NONLOCALIZED = YES;
				CLANG_ANALYZER_NONNULL = YES;
				CLANG_CXX_LANGUAGE_STANDARD = "gnu++0x";
				CLANG_CXX_LIBRARY = "libc++";
				CLANG_ENABLE_MODULES = YES;
				CLANG_ENABLE_OBJC_ARC = YES;
				CLANG_WARN_BLOCK_CAPTURE_AUTORELEASING = YES;
				CLANG_WARN_BOOL_CONVERSION = YES;
				CLANG_WARN_COMMA = YES;
				CLANG_WARN_CONSTANT_CONVERSION = YES;
				CLANG_WARN_DEPRECATED_OBJC_IMPLEMENTATIONS = YES;
				CLANG_WARN_DIRECT_OBJC_ISA_USAGE = YES_ERROR;
				CLANG_WARN_EMPTY_BODY = YES;
				CLANG_WARN_ENUM_CONVERSION = YES;
				CLANG_WARN_INFINITE_RECURSION = YES;
				CLANG_WARN_INT_CONVERSION = YES;
				CLANG_WARN_NON_LITERAL_NULL_CONVERSION = YES;
				CLANG_WARN_OBJC_IMPLICIT_RETAIN_SELF = YES;
				CLANG_WARN_OBJC_LITERAL_CONVERSION = YES;
				CLANG_WARN_OBJC_ROOT_CLASS = YES_ERROR;
				CLANG_WARN_RANGE_LOOP_ANALYSIS = YES;
				CLANG_WARN_STRICT_PROTOTYPES = YES;
				CLANG_WARN_SUSPICIOUS_MOVE = YES;
				CLANG_WARN_UNREACHABLE_CODE = YES;
				CLANG_WARN__DUPLICATE_METHOD_MATCH = YES;
				"CODE_SIGN_IDENTITY[sdk=iphoneos*]" = "iPhone Developer";
				COPY_PHASE_STRIP = NO;
				DEBUG_INFORMATION_FORMAT = "dwarf-with-dsym";
				ENABLE_NS_ASSERTIONS = NO;
				ENABLE_STRICT_OBJC_MSGSEND = YES;
				GCC_C_LANGUAGE_STANDARD = gnu99;
				GCC_NO_COMMON_BLOCKS = YES;
				GCC_WARN_64_TO_32_BIT_CONVERSION = YES;
				GCC_WARN_ABOUT_RETURN_TYPE = YES_ERROR;
				GCC_WARN_UNDECLARED_SELECTOR = YES;
				GCC_WARN_UNINITIALIZED_AUTOS = YES_AGGRESSIVE;
				GCC_WARN_UNUSED_FUNCTION = YES;
				GCC_WARN_UNUSED_VARIABLE = YES;
				IPHONEOS_DEPLOYMENT_TARGET = 18.0;
				MTL_ENABLE_DEBUG_INFO = NO;
				SDKROOT = iphoneos;
				VALIDATE_PRODUCT = YES;
			};
			name = Release;
		};
		9CB37C0E1CE844400080B5B1 /* Debug */ = {
			isa = XCBuildConfiguration;
			buildSettings = {
				ALWAYS_EMBED_SWIFT_STANDARD_LIBRARIES = "$(inherited)";
				ASSETCATALOG_COMPILER_APPICON_NAME = AppIcon;
				CODE_SIGN_ENTITLEMENTS = SunriseSunset/SunriseSunset.entitlements;
				CODE_SIGN_IDENTITY = "iPhone Developer";
				DEBUG_INFORMATION_FORMAT = "dwarf-with-dsym";
				DEVELOPMENT_TEAM = 4TPDCY22V9;
				INFOPLIST_FILE = SunriseSunset/Info.plist;
				IPHONEOS_DEPLOYMENT_TARGET = 18.0;
				LD_RUNPATH_SEARCH_PATHS = "$(inherited) @executable_path/Frameworks @loader_path/Frameworks";
				OTHER_SWIFT_FLAGS = "$(inherited) \"-D\" \"COCOAPODS\" -DDEBUG";
				PRODUCT_BUNDLE_IDENTIFIER = xyz.jakerunzer.solis;
				PRODUCT_NAME = "$(TARGET_NAME)";
				SWIFT_OBJC_BRIDGING_HEADER = "SunriseSunset/Objective-CBridgingHeader.h";
				SWIFT_SWIFT3_OBJC_INFERENCE = Default;
				SWIFT_VERSION = 5.0;
			};
			name = Debug;
		};
		9CB37C0F1CE844400080B5B1 /* Release */ = {
			isa = XCBuildConfiguration;
			buildSettings = {
				ALWAYS_EMBED_SWIFT_STANDARD_LIBRARIES = "$(inherited)";
				ASSETCATALOG_COMPILER_APPICON_NAME = AppIcon;
				CODE_SIGN_ENTITLEMENTS = SunriseSunset/SunriseSunset.entitlements;
				CODE_SIGN_IDENTITY = "iPhone Developer";
				DEVELOPMENT_TEAM = 4TPDCY22V9;
				INFOPLIST_FILE = SunriseSunset/Info.plist;
				IPHONEOS_DEPLOYMENT_TARGET = 18.0;
				LD_RUNPATH_SEARCH_PATHS = "$(inherited) @executable_path/Frameworks @loader_path/Frameworks";
				OTHER_SWIFT_FLAGS = "$(inherited) \"-D\" \"COCOAPODS\" -DRELEASE";
				PRODUCT_BUNDLE_IDENTIFIER = xyz.jakerunzer.solis;
				PRODUCT_NAME = "$(TARGET_NAME)";
				SWIFT_OBJC_BRIDGING_HEADER = "SunriseSunset/Objective-CBridgingHeader.h";
				SWIFT_OPTIMIZATION_LEVEL = "-Owholemodule";
				SWIFT_SWIFT3_OBJC_INFERENCE = Default;
				SWIFT_VERSION = 5.0;
			};
			name = Release;
		};
		9CB37C111CE844400080B5B1 /* Debug */ = {
			isa = XCBuildConfiguration;
			buildSettings = {
				BUNDLE_LOADER = "$(TEST_HOST)";
				INFOPLIST_FILE = SunriseSunsetTests/Info.plist;
				IPHONEOS_DEPLOYMENT_TARGET = 18.0;
				LD_RUNPATH_SEARCH_PATHS = "$(inherited) @executable_path/Frameworks @loader_path/Frameworks";
				PRODUCT_BUNDLE_IDENTIFIER = io.puddllee.SunriseSunsetTests;
				PRODUCT_NAME = "$(TARGET_NAME)";
				SWIFT_SWIFT3_OBJC_INFERENCE = On;
				SWIFT_VERSION = 5.0;
				TEST_HOST = "$(BUILT_PRODUCTS_DIR)/SunriseSunset.app/SunriseSunset";
			};
			name = Debug;
		};
		9CB37C121CE844400080B5B1 /* Release */ = {
			isa = XCBuildConfiguration;
			buildSettings = {
				BUNDLE_LOADER = "$(TEST_HOST)";
				INFOPLIST_FILE = SunriseSunsetTests/Info.plist;
				IPHONEOS_DEPLOYMENT_TARGET = 18.0;
				LD_RUNPATH_SEARCH_PATHS = "$(inherited) @executable_path/Frameworks @loader_path/Frameworks";
				PRODUCT_BUNDLE_IDENTIFIER = io.puddllee.SunriseSunsetTests;
				PRODUCT_NAME = "$(TARGET_NAME)";
				SWIFT_OPTIMIZATION_LEVEL = "-Owholemodule";
				SWIFT_SWIFT3_OBJC_INFERENCE = On;
				SWIFT_VERSION = 5.0;
				TEST_HOST = "$(BUILT_PRODUCTS_DIR)/SunriseSunset.app/SunriseSunset";
			};
			name = Release;
		};
		9CB37C141CE844400080B5B1 /* Debug */ = {
			isa = XCBuildConfiguration;
			buildSettings = {
				INFOPLIST_FILE = SunriseSunsetUITests/Info.plist;
				IPHONEOS_DEPLOYMENT_TARGET = 18.0;
				LD_RUNPATH_SEARCH_PATHS = "$(inherited) @executable_path/Frameworks @loader_path/Frameworks";
				PRODUCT_BUNDLE_IDENTIFIER = io.puddllee.SunriseSunsetUITests;
				PRODUCT_NAME = "$(TARGET_NAME)";
				SWIFT_SWIFT3_OBJC_INFERENCE = On;
				SWIFT_VERSION = 5.0;
				TEST_TARGET_NAME = SunriseSunset;
			};
			name = Debug;
		};
		9CB37C151CE844400080B5B1 /* Release */ = {
			isa = XCBuildConfiguration;
			buildSettings = {
				INFOPLIST_FILE = SunriseSunsetUITests/Info.plist;
				IPHONEOS_DEPLOYMENT_TARGET = 18.0;
				LD_RUNPATH_SEARCH_PATHS = "$(inherited) @executable_path/Frameworks @loader_path/Frameworks";
				PRODUCT_BUNDLE_IDENTIFIER = io.puddllee.SunriseSunsetUITests;
				PRODUCT_NAME = "$(TARGET_NAME)";
				SWIFT_OPTIMIZATION_LEVEL = "-Owholemodule";
				SWIFT_SWIFT3_OBJC_INFERENCE = On;
				SWIFT_VERSION = 5.0;
				TEST_TARGET_NAME = SunriseSunset;
			};
			name = Release;
		};
		E25BBFCDEEBD543F0A32E1E5 /* Release */ = {
			isa = XCBuildConfiguration;
			buildSettings = {
				CLANG_ENABLE_OBJC_WEAK = NO;
				CODE_SIGN_ENTITLEMENTS = SolisWidget/SolisWidget.entitlements;
				DEVELOPMENT_TEAM = 4TPDCY22V9;
				INFOPLIST_FILE = SolisWidget/Info.plist;
				IPHONEOS_DEPLOYMENT_TARGET = 18.0;
				LD_RUNPATH_SEARCH_PATHS = "$(inherited) @executable_path/Frameworks @executable_path/../../Frameworks";
				PRODUCT_BUNDLE_IDENTIFIER = xyz.jakerunzer.solis.SolisWidget;
				PRODUCT_NAME = "$(TARGET_NAME)";
				SDKROOT = iphoneos;
				SKIP_INSTALL = YES;
				SWIFT_OBJC_BRIDGING_HEADER = "SunriseSunset/Objective-CBridgingHeader.h";
				SWIFT_VERSION = 5.0;
				TARGETED_DEVICE_FAMILY = "1,2";
				VALIDATE_PRODUCT = YES;
			};
			name = Release;
		};
		E36C5867569A7761D9AC32DD /* Debug */ = {
			isa = XCBuildConfiguration;
			buildSettings = {
				CLANG_ENABLE_OBJC_WEAK = NO;
				CODE_SIGN_ENTITLEMENTS = SolisWidget/SolisWidget.entitlements;
				DEVELOPMENT_TEAM = 4TPDCY22V9;
				INFOPLIST_FILE = SolisWidget/Info.plist;
				IPHONEOS_DEPLOYMENT_TARGET = 18.0;
				LD_RUNPATH_SEARCH_PATHS = "$(inherited) @executable_path/Frameworks @executable_path/../../Frameworks";
				PRODUCT_BUNDLE_IDENTIFIER = xyz.jakerunzer.solis.SolisWidget;
				PRODUCT_NAME = "$(TARGET_NAME)";
				SDKROOT = iphoneos;
				SKIP_INSTALL = YES;
				SWIFT_OBJC_BRIDGING_HEADER = "SunriseSunset/Objective-CBridgingHeader.h";
				SWIFT_VERSION = 5.0;
				TARGETED_DEVICE_FAMILY = "1,2";
			};
			name = Debug;
		};
/* End XCBuildConfiguration section */

/* Begin XCConfigurationList section */
		87BDA18B344A66A22AE7EFA1 /* Build configuration list for PBXNativeTarget "SolisWidget" */ = {
			isa = XCConfigurationList;
			buildConfigurations = (
				E25BBFCDEEBD543F0A32E1E5 /* Release */,
				E36C5867569A7761D9AC32DD /* Debug */,
			);
			defaultConfigurationIsVisible = 0;
			defaultConfigurationName = Release;
		};
		9CB37BE01CE844400080B5B1 /* Build configuration list for PBXProject "SunriseSunset" */ = {
			isa = XCConfigurationList;
			buildConfigurations = (
				9CB37C0B1CE844400080B5B1 /* Debug */,
				9CB37C0C1CE844400080B5B1 /* Release */,
			);
			defaultConfigurationIsVisible = 0;
			defaultConfigurationName = Release;
		};
		9CB37C0D1CE844400080B5B1 /* Build configuration list for PBXNativeTarget "SunriseSunset" */ = {
			isa = XCConfigurationList;
			buildConfigurations = (
				9CB37C0E1CE844400080B5B1 /* Debug */,
				9CB37C0F1CE844400080B5B1 /* Release */,
			);
			defaultConfigurationIsVisible = 0;
			defaultConfigurationName = Release;
		};
		9CB37C101CE844400080B5B1 /* Build configuration list for PBXNativeTarget "SunriseSunsetTests" */ = {
			isa = XCConfigurationList;
			buildConfigurations = (
				9CB37C111CE844400080B5B1 /* Debug */,
				9CB37C121CE844400080B5B1 /* Release */,
			);
			defaultConfigurationIsVisible = 0;
			defaultConfigurationName = Release;
		};
		9CB37C131CE844400080B5B1 /* Build configuration list for PBXNativeTarget "SunriseSunsetUITests" */ = {
			isa = XCConfigurationList;
			buildConfigurations = (
				9CB37C141CE844400080B5B1 /* Debug */,
				9CB37C151CE844400080B5B1 /* Release */,
			);
			defaultConfigurationIsVisible = 0;
			defaultConfigurationName = Release;
		};
/* End XCConfigurationList section */
	};
	rootObject = 9CB37BDD1CE844400080B5B1 /* Project object */;
}
