// !$*UTF8*$!
{
	archiveVersion = 1;
	classes = {
	};
	objectVersion = 46;
	objects = {

/* Begin PBXBuildFile section */
		68916F95FEEF433A3C416B21 /* Pods_SunriseSunset.framework in Frameworks */ = {isa = PBXBuildFile; fileRef = DED2E6359782E6E93CF79070 /* Pods_SunriseSunset.framework */; };
		9611BAD3C7928B584AE42292 /* Pods_SunriseSunsetTests.framework in Frameworks */ = {isa = PBXBuildFile; fileRef = 54E781139EF443B9345BBA97 /* Pods_SunriseSunsetTests.framework */; };
		9C13350C1D152218004B3F1B /* LocationChangeViewController.swift in Sources */ = {isa = PBXBuildFile; fileRef = 9C13350B1D152218004B3F1B /* LocationChangeViewController.swift */; };
		9C1F57A11CF26C67000E8B29 /* MomentumScroll.swift in Sources */ = {isa = PBXBuildFile; fileRef = 9C1F57A01CF26C67000E8B29 /* MomentumScroll.swift */; };
		9C20A3F51D0FCC470079F3A5 /* Notifications.swift in Sources */ = {isa = PBXBuildFile; fileRef = 9C20A3F41D0FCC470079F3A5 /* Notifications.swift */; };
		9C20A3F91D0FD5D40079F3A5 /* SunLogic.swift in Sources */ = {isa = PBXBuildFile; fileRef = 9C20A3F81D0FD5D40079F3A5 /* SunLogic.swift */; };
		9C236CD81D16798300FB9985 /* Defaults.swift in Sources */ = {isa = PBXBuildFile; fileRef = 9C236CD71D16798300FB9985 /* Defaults.swift */; };
		9C236CD91D16798300FB9985 /* Defaults.swift in Sources */ = {isa = PBXBuildFile; fileRef = 9C236CD71D16798300FB9985 /* Defaults.swift */; };
		9C236CDA1D1679A800FB9985 /* Styles.swift in Sources */ = {isa = PBXBuildFile; fileRef = 9C3314F31CE9712F004D012E /* Styles.swift */; };
		9C236CDB1D1679B600FB9985 /* UIColor.swift in Sources */ = {isa = PBXBuildFile; fileRef = 9C3314F81CE9A723004D012E /* UIColor.swift */; };
		9C236CDC1D1679C200FB9985 /* Bus.swift in Sources */ = {isa = PBXBuildFile; fileRef = 9C4B86A31CFEBAC3002C4EA4 /* Bus.swift */; };
		9C236CDD1D1679CC00FB9985 /* NSDate.swift in Sources */ = {isa = PBXBuildFile; fileRef = 9C3314F61CE976BE004D012E /* NSDate.swift */; };
		9C236CDF1D169C6900FB9985 /* TimeFormatters.swift in Sources */ = {isa = PBXBuildFile; fileRef = 9C236CDE1D169C6900FB9985 /* TimeFormatters.swift */; };
		9C236CE01D169C6900FB9985 /* TimeFormatters.swift in Sources */ = {isa = PBXBuildFile; fileRef = 9C236CDE1D169C6900FB9985 /* TimeFormatters.swift */; };
		9C236CE11D16B08D00FB9985 /* TodayViewController.swift in Sources */ = {isa = PBXBuildFile; fileRef = 9C8DFA591D1673DF00353D8C /* TodayViewController.swift */; };
		9C236CE41D16B0B100FB9985 /* Info.plist in Resources */ = {isa = PBXBuildFile; fileRef = 9C8DFA5E1D1673DF00353D8C /* Info.plist */; };
		9C236CE51D16B0B300FB9985 /* Info.plist in Resources */ = {isa = PBXBuildFile; fileRef = 9C8DFA5E1D1673DF00353D8C /* Info.plist */; };
		9C236CE61D16B0B500FB9985 /* SolisWidget.entitlements in Resources */ = {isa = PBXBuildFile; fileRef = 9CB5F24E1D167857005F4E10 /* SolisWidget.entitlements */; };
		9C236CE71D16B0B600FB9985 /* SolisWidget.entitlements in Resources */ = {isa = PBXBuildFile; fileRef = 9CB5F24E1D167857005F4E10 /* SolisWidget.entitlements */; };
		9C236CE81D16B12F00FB9985 /* MainInterface.storyboard in Resources */ = {isa = PBXBuildFile; fileRef = 9C8DFA5B1D1673DF00353D8C /* MainInterface.storyboard */; };
		9C236CE91D16B13100FB9985 /* MainInterface.storyboard in Resources */ = {isa = PBXBuildFile; fileRef = 9C8DFA5B1D1673DF00353D8C /* MainInterface.storyboard */; };
		9C27BE671D2CDBDE0093B2A6 /* InfoMenuViewController.swift in Sources */ = {isa = PBXBuildFile; fileRef = 9C27BE661D2CDBDE0093B2A6 /* InfoMenuViewController.swift */; };
		9C27BE6B1D3212520093B2A6 /* UIButton.swift in Sources */ = {isa = PBXBuildFile; fileRef = 9C27BE6A1D3212520093B2A6 /* UIButton.swift */; };
		9C3314F21CE95783004D012E /* Suntime.swift in Sources */ = {isa = PBXBuildFile; fileRef = 9C3314F11CE95783004D012E /* Suntime.swift */; };
		9C3314F41CE9712F004D012E /* Styles.swift in Sources */ = {isa = PBXBuildFile; fileRef = 9C3314F31CE9712F004D012E /* Styles.swift */; };
		9C3314F71CE976BE004D012E /* NSDate.swift in Sources */ = {isa = PBXBuildFile; fileRef = 9C3314F61CE976BE004D012E /* NSDate.swift */; };
		9C3314F91CE9A723004D012E /* UIColor.swift in Sources */ = {isa = PBXBuildFile; fileRef = 9C3314F81CE9A723004D012E /* UIColor.swift */; };
		9C36570E1D471688001019BB /* SunPlace.swift in Sources */ = {isa = PBXBuildFile; fileRef = 9C36570D1D471688001019BB /* SunPlace.swift */; };
		9C36570F1D471C27001019BB /* SunPlace.swift in Sources */ = {isa = PBXBuildFile; fileRef = 9C36570D1D471688001019BB /* SunPlace.swift */; };
		9C37C0C21CF6C929002ED35A /* TouchDownView.swift in Sources */ = {isa = PBXBuildFile; fileRef = 9C37C0C11CF6C929002ED35A /* TouchDownView.swift */; };
		9C4774541D16762C00C38FFF /* NotificationCenter.framework in Frameworks */ = {isa = PBXBuildFile; fileRef = 9C76542D1D166C0800E0B4F9 /* NotificationCenter.framework */; };
		9C47745E1D16762C00C38FFF /* SolisWidget.appex in Embed App Extensions */ = {isa = PBXBuildFile; fileRef = 9C4774531D16762C00C38FFF /* SolisWidget.appex */; settings = {ATTRIBUTES = (RemoveHeadersOnCopy, ); }; };
		9C485AB11CED7E130086B22E /* Sunline.swift in Sources */ = {isa = PBXBuildFile; fileRef = 9C485AB01CED7E130086B22E /* Sunline.swift */; };
		9C4B86A41CFEBAC3002C4EA4 /* Bus.swift in Sources */ = {isa = PBXBuildFile; fileRef = 9C4B86A31CFEBAC3002C4EA4 /* Bus.swift */; };
		9C4B86A61CFFE3D5002C4EA4 /* MainViewController.swift in Sources */ = {isa = PBXBuildFile; fileRef = 9C4B86A51CFFE3D5002C4EA4 /* MainViewController.swift */; };
		9C58B38C1D3365C000EBAD1D /* AsyncButton.swift in Sources */ = {isa = PBXBuildFile; fileRef = 9C58B36E1D3365C000EBAD1D /* AsyncButton.swift */; };
		9C58B38D1D3365C000EBAD1D /* AsyncImageView.swift in Sources */ = {isa = PBXBuildFile; fileRef = 9C58B36F1D3365C000EBAD1D /* AsyncImageView.swift */; };
		9C58B38E1D3365C000EBAD1D /* AutoTextView.swift in Sources */ = {isa = PBXBuildFile; fileRef = 9C58B3701D3365C000EBAD1D /* AutoTextView.swift */; };
		9C58B38F1D3365C000EBAD1D /* BlurView.swift in Sources */ = {isa = PBXBuildFile; fileRef = 9C58B3711D3365C000EBAD1D /* BlurView.swift */; };
		9C58B3901D3365C000EBAD1D /* DesignableButton.swift in Sources */ = {isa = PBXBuildFile; fileRef = 9C58B3721D3365C000EBAD1D /* DesignableButton.swift */; };
		9C58B3911D3365C000EBAD1D /* DesignableImageView.swift in Sources */ = {isa = PBXBuildFile; fileRef = 9C58B3731D3365C000EBAD1D /* DesignableImageView.swift */; };
		9C58B3921D3365C000EBAD1D /* DesignableLabel.swift in Sources */ = {isa = PBXBuildFile; fileRef = 9C58B3741D3365C000EBAD1D /* DesignableLabel.swift */; };
		9C58B3931D3365C000EBAD1D /* DesignableTabBarController.swift in Sources */ = {isa = PBXBuildFile; fileRef = 9C58B3751D3365C000EBAD1D /* DesignableTabBarController.swift */; };
		9C58B3941D3365C000EBAD1D /* DesignableTextField.swift in Sources */ = {isa = PBXBuildFile; fileRef = 9C58B3761D3365C000EBAD1D /* DesignableTextField.swift */; };
		9C58B3951D3365C000EBAD1D /* DesignableTextView.swift in Sources */ = {isa = PBXBuildFile; fileRef = 9C58B3771D3365C000EBAD1D /* DesignableTextView.swift */; };
		9C58B3961D3365C000EBAD1D /* DesignableView.swift in Sources */ = {isa = PBXBuildFile; fileRef = 9C58B3781D3365C000EBAD1D /* DesignableView.swift */; };
		9C58B3971D3365C000EBAD1D /* ImageLoader.swift in Sources */ = {isa = PBXBuildFile; fileRef = 9C58B3791D3365C000EBAD1D /* ImageLoader.swift */; };
		9C58B3981D3365C000EBAD1D /* Info.plist in Resources */ = {isa = PBXBuildFile; fileRef = 9C58B37A1D3365C000EBAD1D /* Info.plist */; };
		9C58B3991D3365C000EBAD1D /* KeyboardLayoutConstraint.swift in Sources */ = {isa = PBXBuildFile; fileRef = 9C58B37B1D3365C000EBAD1D /* KeyboardLayoutConstraint.swift */; };
		9C58B39A1D3365C000EBAD1D /* LoadingView.swift in Sources */ = {isa = PBXBuildFile; fileRef = 9C58B37C1D3365C000EBAD1D /* LoadingView.swift */; };
		9C58B39B1D3365C000EBAD1D /* LoadingView.xib in Resources */ = {isa = PBXBuildFile; fileRef = 9C58B37D1D3365C000EBAD1D /* LoadingView.xib */; };
		9C58B39C1D3365C000EBAD1D /* Misc.swift in Sources */ = {isa = PBXBuildFile; fileRef = 9C58B37E1D3365C000EBAD1D /* Misc.swift */; };
		9C58B39D1D3365C000EBAD1D /* SoundPlayer.swift in Sources */ = {isa = PBXBuildFile; fileRef = 9C58B37F1D3365C000EBAD1D /* SoundPlayer.swift */; };
		9C58B39E1D3365C000EBAD1D /* Spring.swift in Sources */ = {isa = PBXBuildFile; fileRef = 9C58B3811D3365C000EBAD1D /* Spring.swift */; };
		9C58B39F1D3365C000EBAD1D /* SpringAnimation.swift in Sources */ = {isa = PBXBuildFile; fileRef = 9C58B3821D3365C000EBAD1D /* SpringAnimation.swift */; };
		9C58B3A01D3365C000EBAD1D /* SpringButton.swift in Sources */ = {isa = PBXBuildFile; fileRef = 9C58B3831D3365C000EBAD1D /* SpringButton.swift */; };
		9C58B3A11D3365C000EBAD1D /* SpringImageView.swift in Sources */ = {isa = PBXBuildFile; fileRef = 9C58B3841D3365C000EBAD1D /* SpringImageView.swift */; };
		9C58B3A21D3365C000EBAD1D /* SpringLabel.swift in Sources */ = {isa = PBXBuildFile; fileRef = 9C58B3851D3365C000EBAD1D /* SpringLabel.swift */; };
		9C58B3A31D3365C000EBAD1D /* SpringTextField.swift in Sources */ = {isa = PBXBuildFile; fileRef = 9C58B3861D3365C000EBAD1D /* SpringTextField.swift */; };
		9C58B3A41D3365C000EBAD1D /* SpringTextView.swift in Sources */ = {isa = PBXBuildFile; fileRef = 9C58B3871D3365C000EBAD1D /* SpringTextView.swift */; };
		9C58B3A51D3365C000EBAD1D /* SpringView.swift in Sources */ = {isa = PBXBuildFile; fileRef = 9C58B3881D3365C000EBAD1D /* SpringView.swift */; };
		9C58B3A61D3365C000EBAD1D /* TransitionManager.swift in Sources */ = {isa = PBXBuildFile; fileRef = 9C58B3891D3365C000EBAD1D /* TransitionManager.swift */; };
		9C58B3A71D3365C000EBAD1D /* TransitionZoom.swift in Sources */ = {isa = PBXBuildFile; fileRef = 9C58B38A1D3365C000EBAD1D /* TransitionZoom.swift */; };
		9C58B3A81D3365C000EBAD1D /* UnwindSegue.swift in Sources */ = {isa = PBXBuildFile; fileRef = 9C58B38B1D3365C000EBAD1D /* UnwindSegue.swift */; };
		9C6BCB201D3CA6970069BC16 /* InfoData.swift in Sources */ = {isa = PBXBuildFile; fileRef = 9C6BCB1F1D3CA6970069BC16 /* InfoData.swift */; };
		9C6BCB221D3CA6F00069BC16 /* SunType.swift in Sources */ = {isa = PBXBuildFile; fileRef = 9C6BCB211D3CA6F00069BC16 /* SunType.swift */; };
		9C6BCB231D3CA7080069BC16 /* SunType.swift in Sources */ = {isa = PBXBuildFile; fileRef = 9C6BCB211D3CA6F00069BC16 /* SunType.swift */; };
		9C857ADE1D23ABCA0016F9EC /* EDSunriseSet.framework in Frameworks */ = {isa = PBXBuildFile; fileRef = 9C857ADD1D23ABCA0016F9EC /* EDSunriseSet.framework */; };
		9C857AE01D23ABDC0016F9EC /* SwiftLocation.framework in Frameworks */ = {isa = PBXBuildFile; fileRef = 9C857ADF1D23ABDC0016F9EC /* SwiftLocation.framework */; };
		9C8879A01D3752AF00B8D1B9 /* InfoViewController.swift in Sources */ = {isa = PBXBuildFile; fileRef = 9C88799F1D3752AF00B8D1B9 /* InfoViewController.swift */; };
		9C97400A1CFC10F9000A5AFD /* Easing.swift in Sources */ = {isa = PBXBuildFile; fileRef = 9C9740091CFC10F9000A5AFD /* Easing.swift */; };
		9CB37BE91CE844400080B5B1 /* AppDelegate.swift in Sources */ = {isa = PBXBuildFile; fileRef = 9CB37BE81CE844400080B5B1 /* AppDelegate.swift */; };
		9CB37BEB1CE844400080B5B1 /* SunViewController.swift in Sources */ = {isa = PBXBuildFile; fileRef = 9CB37BEA1CE844400080B5B1 /* SunViewController.swift */; };
		9CB37BEE1CE844400080B5B1 /* Main.storyboard in Resources */ = {isa = PBXBuildFile; fileRef = 9CB37BEC1CE844400080B5B1 /* Main.storyboard */; };
		9CB37BF01CE844400080B5B1 /* Assets.xcassets in Resources */ = {isa = PBXBuildFile; fileRef = 9CB37BEF1CE844400080B5B1 /* Assets.xcassets */; };
		9CB37BF31CE844400080B5B1 /* LaunchScreen.storyboard in Resources */ = {isa = PBXBuildFile; fileRef = 9CB37BF11CE844400080B5B1 /* LaunchScreen.storyboard */; };
		9CB37BFE1CE844400080B5B1 /* SunriseSunsetTests.swift in Sources */ = {isa = PBXBuildFile; fileRef = 9CB37BFD1CE844400080B5B1 /* SunriseSunsetTests.swift */; };
		9CB37C091CE844400080B5B1 /* SunriseSunsetUITests.swift in Sources */ = {isa = PBXBuildFile; fileRef = 9CB37C081CE844400080B5B1 /* SunriseSunsetUITests.swift */; };
		9CB5F24B1D167719005F4E10 /* TodayViewController.swift in Sources */ = {isa = PBXBuildFile; fileRef = 9C8DFA591D1673DF00353D8C /* TodayViewController.swift */; };
		9CB5F24C1D16781B005F4E10 /* SunLogic.swift in Sources */ = {isa = PBXBuildFile; fileRef = 9C20A3F81D0FD5D40079F3A5 /* SunLogic.swift */; };
		9CB5F24D1D167829005F4E10 /* Suntime.swift in Sources */ = {isa = PBXBuildFile; fileRef = 9C3314F11CE95783004D012E /* Suntime.swift */; };
		9CB5F2501D16791F005F4E10 /* Location.swift in Sources */ = {isa = PBXBuildFile; fileRef = 9CE885951CEFEC260045BEFB /* Location.swift */; };
		9CBB09AE1CED6D1000F344C4 /* Sun.swift in Sources */ = {isa = PBXBuildFile; fileRef = 9CBB09AD1CED6D1000F344C4 /* Sun.swift */; };
		9CC052361D22465A00CBBECE /* TimeZones.swift in Sources */ = {isa = PBXBuildFile; fileRef = 9CC052351D22465A00CBBECE /* TimeZones.swift */; };
		9CC427A51D11088100693E32 /* UILabel.swift in Sources */ = {isa = PBXBuildFile; fileRef = 9CC427A41D11088100693E32 /* UILabel.swift */; };
		9CC92F641CFEB1D500FA320D /* MenuViewController.swift in Sources */ = {isa = PBXBuildFile; fileRef = 9CC92F631CFEB1D500FA320D /* MenuViewController.swift */; };
		9CDE815D1D03E8710036FD34 /* Muli-Light.ttf in Resources */ = {isa = PBXBuildFile; fileRef = 9CDE815B1D03E8710036FD34 /* Muli-Light.ttf */; };
		9CDE815E1D03E8710036FD34 /* Muli-Regular.ttf in Resources */ = {isa = PBXBuildFile; fileRef = 9CDE815C1D03E8710036FD34 /* Muli-Regular.ttf */; };
		9CE885961CEFEC260045BEFB /* Location.swift in Sources */ = {isa = PBXBuildFile; fileRef = 9CE885951CEFEC260045BEFB /* Location.swift */; };
		AF03E0CD87CACCBB7270FD24 /* Pods_SolisWidget.framework in Frameworks */ = {isa = PBXBuildFile; fileRef = 4EFD17315D5F7C44BC2E3E2B /* Pods_SolisWidget.framework */; };
		BBF3A4DB1DBC590F5D18DAA1 /* Pods_SunriseSunsetUITests.framework in Frameworks */ = {isa = PBXBuildFile; fileRef = 3189E0E4F45FF1E27907170F /* Pods_SunriseSunsetUITests.framework */; };
/* End PBXBuildFile section */

/* Begin PBXContainerItemProxy section */
		9C47745C1D16762C00C38FFF /* PBXContainerItemProxy */ = {
			isa = PBXContainerItemProxy;
			containerPortal = 9CB37BDD1CE844400080B5B1 /* Project object */;
			proxyType = 1;
			remoteGlobalIDString = 9C4774521D16762C00C38FFF;
			remoteInfo = SolisWidget;
		};
		9CB37BFA1CE844400080B5B1 /* PBXContainerItemProxy */ = {
			isa = PBXContainerItemProxy;
			containerPortal = 9CB37BDD1CE844400080B5B1 /* Project object */;
			proxyType = 1;
			remoteGlobalIDString = 9CB37BE41CE844400080B5B1;
			remoteInfo = SunriseSunset;
		};
		9CB37C051CE844400080B5B1 /* PBXContainerItemProxy */ = {
			isa = PBXContainerItemProxy;
			containerPortal = 9CB37BDD1CE844400080B5B1 /* Project object */;
			proxyType = 1;
			remoteGlobalIDString = 9CB37BE41CE844400080B5B1;
			remoteInfo = SunriseSunset;
		};
/* End PBXContainerItemProxy section */

/* Begin PBXCopyFilesBuildPhase section */
		9C76543C1D166C0800E0B4F9 /* Embed App Extensions */ = {
			isa = PBXCopyFilesBuildPhase;
			buildActionMask = 2147483647;
			dstPath = "";
			dstSubfolderSpec = 13;
			files = (
				9C47745E1D16762C00C38FFF /* SolisWidget.appex in Embed App Extensions */,
			);
			name = "Embed App Extensions";
			runOnlyForDeploymentPostprocessing = 0;
		};
/* End PBXCopyFilesBuildPhase section */

/* Begin PBXFileReference section */
		1248F1ED9E523C1D50AB4AE0 /* Pods-SunriseSunsetUITests.release.xcconfig */ = {isa = PBXFileReference; includeInIndex = 1; lastKnownFileType = text.xcconfig; name = "Pods-SunriseSunsetUITests.release.xcconfig"; path = "Pods/Target Support Files/Pods-SunriseSunsetUITests/Pods-SunriseSunsetUITests.release.xcconfig"; sourceTree = "<group>"; };
		2EEA209A8E9D025024F5EEFE /* Pods-SolisWidget.release.xcconfig */ = {isa = PBXFileReference; includeInIndex = 1; lastKnownFileType = text.xcconfig; name = "Pods-SolisWidget.release.xcconfig"; path = "Pods/Target Support Files/Pods-SolisWidget/Pods-SolisWidget.release.xcconfig"; sourceTree = "<group>"; };
		3189E0E4F45FF1E27907170F /* Pods_SunriseSunsetUITests.framework */ = {isa = PBXFileReference; explicitFileType = wrapper.framework; includeInIndex = 0; path = Pods_SunriseSunsetUITests.framework; sourceTree = BUILT_PRODUCTS_DIR; };
		4D8F71CEB673A51BFC460025 /* Pods-SolisWidget.debug.xcconfig */ = {isa = PBXFileReference; includeInIndex = 1; lastKnownFileType = text.xcconfig; name = "Pods-SolisWidget.debug.xcconfig"; path = "Pods/Target Support Files/Pods-SolisWidget/Pods-SolisWidget.debug.xcconfig"; sourceTree = "<group>"; };
		4EFD17315D5F7C44BC2E3E2B /* Pods_SolisWidget.framework */ = {isa = PBXFileReference; explicitFileType = wrapper.framework; includeInIndex = 0; path = Pods_SolisWidget.framework; sourceTree = BUILT_PRODUCTS_DIR; };
		54E781139EF443B9345BBA97 /* Pods_SunriseSunsetTests.framework */ = {isa = PBXFileReference; explicitFileType = wrapper.framework; includeInIndex = 0; path = Pods_SunriseSunsetTests.framework; sourceTree = BUILT_PRODUCTS_DIR; };
		6B07E61652733E72AABE799A /* Pods-SunriseSunset.debug.xcconfig */ = {isa = PBXFileReference; includeInIndex = 1; lastKnownFileType = text.xcconfig; name = "Pods-SunriseSunset.debug.xcconfig"; path = "Pods/Target Support Files/Pods-SunriseSunset/Pods-SunriseSunset.debug.xcconfig"; sourceTree = "<group>"; };
		6BB03123F6EDFAB71E56CFF4 /* Pods-SunriseSunsetTests.release.xcconfig */ = {isa = PBXFileReference; includeInIndex = 1; lastKnownFileType = text.xcconfig; name = "Pods-SunriseSunsetTests.release.xcconfig"; path = "Pods/Target Support Files/Pods-SunriseSunsetTests/Pods-SunriseSunsetTests.release.xcconfig"; sourceTree = "<group>"; };
		6F43EA11CC35450734F19303 /* Pods-SunriseSunset.release.xcconfig */ = {isa = PBXFileReference; includeInIndex = 1; lastKnownFileType = text.xcconfig; name = "Pods-SunriseSunset.release.xcconfig"; path = "Pods/Target Support Files/Pods-SunriseSunset/Pods-SunriseSunset.release.xcconfig"; sourceTree = "<group>"; };
		9C13350B1D152218004B3F1B /* LocationChangeViewController.swift */ = {isa = PBXFileReference; fileEncoding = 4; lastKnownFileType = sourcecode.swift; path = LocationChangeViewController.swift; sourceTree = "<group>"; };
		9C1F57A01CF26C67000E8B29 /* MomentumScroll.swift */ = {isa = PBXFileReference; fileEncoding = 4; lastKnownFileType = sourcecode.swift; path = MomentumScroll.swift; sourceTree = "<group>"; };
		9C20A3F41D0FCC470079F3A5 /* Notifications.swift */ = {isa = PBXFileReference; fileEncoding = 4; lastKnownFileType = sourcecode.swift; path = Notifications.swift; sourceTree = "<group>"; };
		9C20A3F81D0FD5D40079F3A5 /* SunLogic.swift */ = {isa = PBXFileReference; fileEncoding = 4; lastKnownFileType = sourcecode.swift; path = SunLogic.swift; sourceTree = "<group>"; };
		9C236CD71D16798300FB9985 /* Defaults.swift */ = {isa = PBXFileReference; fileEncoding = 4; lastKnownFileType = sourcecode.swift; path = Defaults.swift; sourceTree = "<group>"; };
		9C236CDE1D169C6900FB9985 /* TimeFormatters.swift */ = {isa = PBXFileReference; fileEncoding = 4; lastKnownFileType = sourcecode.swift; path = TimeFormatters.swift; sourceTree = "<group>"; };
		9C27BE661D2CDBDE0093B2A6 /* InfoMenuViewController.swift */ = {isa = PBXFileReference; fileEncoding = 4; lastKnownFileType = sourcecode.swift; path = InfoMenuViewController.swift; sourceTree = "<group>"; };
		9C27BE6A1D3212520093B2A6 /* UIButton.swift */ = {isa = PBXFileReference; fileEncoding = 4; lastKnownFileType = sourcecode.swift; path = UIButton.swift; sourceTree = "<group>"; };
		9C3314F11CE95783004D012E /* Suntime.swift */ = {isa = PBXFileReference; fileEncoding = 4; lastKnownFileType = sourcecode.swift; path = Suntime.swift; sourceTree = "<group>"; };
		9C3314F31CE9712F004D012E /* Styles.swift */ = {isa = PBXFileReference; fileEncoding = 4; lastKnownFileType = sourcecode.swift; path = Styles.swift; sourceTree = "<group>"; };
		9C3314F61CE976BE004D012E /* NSDate.swift */ = {isa = PBXFileReference; fileEncoding = 4; lastKnownFileType = sourcecode.swift; path = NSDate.swift; sourceTree = "<group>"; };
		9C3314F81CE9A723004D012E /* UIColor.swift */ = {isa = PBXFileReference; fileEncoding = 4; lastKnownFileType = sourcecode.swift; path = UIColor.swift; sourceTree = "<group>"; };
		9C36570D1D471688001019BB /* SunPlace.swift */ = {isa = PBXFileReference; fileEncoding = 4; lastKnownFileType = sourcecode.swift; path = SunPlace.swift; sourceTree = "<group>"; };
		9C37C0C11CF6C929002ED35A /* TouchDownView.swift */ = {isa = PBXFileReference; fileEncoding = 4; lastKnownFileType = sourcecode.swift; path = TouchDownView.swift; sourceTree = "<group>"; };
		9C4774531D16762C00C38FFF /* SolisWidget.appex */ = {isa = PBXFileReference; explicitFileType = "wrapper.app-extension"; includeInIndex = 0; path = SolisWidget.appex; sourceTree = BUILT_PRODUCTS_DIR; };
		9C485AB01CED7E130086B22E /* Sunline.swift */ = {isa = PBXFileReference; fileEncoding = 4; lastKnownFileType = sourcecode.swift; path = Sunline.swift; sourceTree = "<group>"; };
		9C4B86A31CFEBAC3002C4EA4 /* Bus.swift */ = {isa = PBXFileReference; fileEncoding = 4; lastKnownFileType = sourcecode.swift; path = Bus.swift; sourceTree = "<group>"; };
		9C4B86A51CFFE3D5002C4EA4 /* MainViewController.swift */ = {isa = PBXFileReference; fileEncoding = 4; lastKnownFileType = sourcecode.swift; path = MainViewController.swift; sourceTree = "<group>"; };
		9C4EFA001D1A6C13001CA591 /* Objective-CBridgingHeader.h */ = {isa = PBXFileReference; lastKnownFileType = sourcecode.c.h; path = "Objective-CBridgingHeader.h"; sourceTree = "<group>"; };
		9C58B36E1D3365C000EBAD1D /* AsyncButton.swift */ = {isa = PBXFileReference; fileEncoding = 4; lastKnownFileType = sourcecode.swift; path = AsyncButton.swift; sourceTree = "<group>"; };
		9C58B36F1D3365C000EBAD1D /* AsyncImageView.swift */ = {isa = PBXFileReference; fileEncoding = 4; lastKnownFileType = sourcecode.swift; path = AsyncImageView.swift; sourceTree = "<group>"; };
		9C58B3701D3365C000EBAD1D /* AutoTextView.swift */ = {isa = PBXFileReference; fileEncoding = 4; lastKnownFileType = sourcecode.swift; path = AutoTextView.swift; sourceTree = "<group>"; };
		9C58B3711D3365C000EBAD1D /* BlurView.swift */ = {isa = PBXFileReference; fileEncoding = 4; lastKnownFileType = sourcecode.swift; path = BlurView.swift; sourceTree = "<group>"; };
		9C58B3721D3365C000EBAD1D /* DesignableButton.swift */ = {isa = PBXFileReference; fileEncoding = 4; lastKnownFileType = sourcecode.swift; path = DesignableButton.swift; sourceTree = "<group>"; };
		9C58B3731D3365C000EBAD1D /* DesignableImageView.swift */ = {isa = PBXFileReference; fileEncoding = 4; lastKnownFileType = sourcecode.swift; path = DesignableImageView.swift; sourceTree = "<group>"; };
		9C58B3741D3365C000EBAD1D /* DesignableLabel.swift */ = {isa = PBXFileReference; fileEncoding = 4; lastKnownFileType = sourcecode.swift; path = DesignableLabel.swift; sourceTree = "<group>"; };
		9C58B3751D3365C000EBAD1D /* DesignableTabBarController.swift */ = {isa = PBXFileReference; fileEncoding = 4; lastKnownFileType = sourcecode.swift; path = DesignableTabBarController.swift; sourceTree = "<group>"; };
		9C58B3761D3365C000EBAD1D /* DesignableTextField.swift */ = {isa = PBXFileReference; fileEncoding = 4; lastKnownFileType = sourcecode.swift; path = DesignableTextField.swift; sourceTree = "<group>"; };
		9C58B3771D3365C000EBAD1D /* DesignableTextView.swift */ = {isa = PBXFileReference; fileEncoding = 4; lastKnownFileType = sourcecode.swift; path = DesignableTextView.swift; sourceTree = "<group>"; };
		9C58B3781D3365C000EBAD1D /* DesignableView.swift */ = {isa = PBXFileReference; fileEncoding = 4; lastKnownFileType = sourcecode.swift; path = DesignableView.swift; sourceTree = "<group>"; };
		9C58B3791D3365C000EBAD1D /* ImageLoader.swift */ = {isa = PBXFileReference; fileEncoding = 4; lastKnownFileType = sourcecode.swift; path = ImageLoader.swift; sourceTree = "<group>"; };
		9C58B37A1D3365C000EBAD1D /* Info.plist */ = {isa = PBXFileReference; fileEncoding = 4; lastKnownFileType = text.plist.xml; path = Info.plist; sourceTree = "<group>"; };
		9C58B37B1D3365C000EBAD1D /* KeyboardLayoutConstraint.swift */ = {isa = PBXFileReference; fileEncoding = 4; lastKnownFileType = sourcecode.swift; path = KeyboardLayoutConstraint.swift; sourceTree = "<group>"; };
		9C58B37C1D3365C000EBAD1D /* LoadingView.swift */ = {isa = PBXFileReference; fileEncoding = 4; lastKnownFileType = sourcecode.swift; path = LoadingView.swift; sourceTree = "<group>"; };
		9C58B37D1D3365C000EBAD1D /* LoadingView.xib */ = {isa = PBXFileReference; fileEncoding = 4; lastKnownFileType = file.xib; path = LoadingView.xib; sourceTree = "<group>"; };
		9C58B37E1D3365C000EBAD1D /* Misc.swift */ = {isa = PBXFileReference; fileEncoding = 4; lastKnownFileType = sourcecode.swift; path = Misc.swift; sourceTree = "<group>"; };
		9C58B37F1D3365C000EBAD1D /* SoundPlayer.swift */ = {isa = PBXFileReference; fileEncoding = 4; lastKnownFileType = sourcecode.swift; path = SoundPlayer.swift; sourceTree = "<group>"; };
		9C58B3801D3365C000EBAD1D /* Spring.h */ = {isa = PBXFileReference; fileEncoding = 4; lastKnownFileType = sourcecode.c.h; path = Spring.h; sourceTree = "<group>"; };
		9C58B3811D3365C000EBAD1D /* Spring.swift */ = {isa = PBXFileReference; fileEncoding = 4; lastKnownFileType = sourcecode.swift; path = Spring.swift; sourceTree = "<group>"; };
		9C58B3821D3365C000EBAD1D /* SpringAnimation.swift */ = {isa = PBXFileReference; fileEncoding = 4; lastKnownFileType = sourcecode.swift; path = SpringAnimation.swift; sourceTree = "<group>"; };
		9C58B3831D3365C000EBAD1D /* SpringButton.swift */ = {isa = PBXFileReference; fileEncoding = 4; lastKnownFileType = sourcecode.swift; path = SpringButton.swift; sourceTree = "<group>"; };
		9C58B3841D3365C000EBAD1D /* SpringImageView.swift */ = {isa = PBXFileReference; fileEncoding = 4; lastKnownFileType = sourcecode.swift; path = SpringImageView.swift; sourceTree = "<group>"; };
		9C58B3851D3365C000EBAD1D /* SpringLabel.swift */ = {isa = PBXFileReference; fileEncoding = 4; lastKnownFileType = sourcecode.swift; path = SpringLabel.swift; sourceTree = "<group>"; };
		9C58B3861D3365C000EBAD1D /* SpringTextField.swift */ = {isa = PBXFileReference; fileEncoding = 4; lastKnownFileType = sourcecode.swift; path = SpringTextField.swift; sourceTree = "<group>"; };
		9C58B3871D3365C000EBAD1D /* SpringTextView.swift */ = {isa = PBXFileReference; fileEncoding = 4; lastKnownFileType = sourcecode.swift; path = SpringTextView.swift; sourceTree = "<group>"; };
		9C58B3881D3365C000EBAD1D /* SpringView.swift */ = {isa = PBXFileReference; fileEncoding = 4; lastKnownFileType = sourcecode.swift; path = SpringView.swift; sourceTree = "<group>"; };
		9C58B3891D3365C000EBAD1D /* TransitionManager.swift */ = {isa = PBXFileReference; fileEncoding = 4; lastKnownFileType = sourcecode.swift; path = TransitionManager.swift; sourceTree = "<group>"; };
		9C58B38A1D3365C000EBAD1D /* TransitionZoom.swift */ = {isa = PBXFileReference; fileEncoding = 4; lastKnownFileType = sourcecode.swift; path = TransitionZoom.swift; sourceTree = "<group>"; };
		9C58B38B1D3365C000EBAD1D /* UnwindSegue.swift */ = {isa = PBXFileReference; fileEncoding = 4; lastKnownFileType = sourcecode.swift; path = UnwindSegue.swift; sourceTree = "<group>"; };
		9C6BCB1F1D3CA6970069BC16 /* InfoData.swift */ = {isa = PBXFileReference; fileEncoding = 4; lastKnownFileType = sourcecode.swift; path = InfoData.swift; sourceTree = "<group>"; };
		9C6BCB211D3CA6F00069BC16 /* SunType.swift */ = {isa = PBXFileReference; fileEncoding = 4; lastKnownFileType = sourcecode.swift; path = SunType.swift; sourceTree = "<group>"; };
		9C76542D1D166C0800E0B4F9 /* NotificationCenter.framework */ = {isa = PBXFileReference; lastKnownFileType = wrapper.framework; name = NotificationCenter.framework; path = System/Library/Frameworks/NotificationCenter.framework; sourceTree = SDKROOT; };
		9C857ADD1D23ABCA0016F9EC /* EDSunriseSet.framework */ = {isa = PBXFileReference; lastKnownFileType = wrapper.framework; name = EDSunriseSet.framework; path = "../../../../Library/Developer/Xcode/DerivedData/SunriseSunset-esumxsdsrqiykhcezudskznhehjj/Build/Products/Debug-iphoneos/EDSunriseSet/EDSunriseSet.framework"; sourceTree = "<group>"; };
		9C857ADF1D23ABDC0016F9EC /* SwiftLocation.framework */ = {isa = PBXFileReference; lastKnownFileType = wrapper.framework; name = SwiftLocation.framework; path = "../../../../Library/Developer/Xcode/DerivedData/SunriseSunset-esumxsdsrqiykhcezudskznhehjj/Build/Products/Debug-iphoneos/SwiftLocation/SwiftLocation.framework"; sourceTree = "<group>"; };
		9C88799F1D3752AF00B8D1B9 /* InfoViewController.swift */ = {isa = PBXFileReference; fileEncoding = 4; lastKnownFileType = sourcecode.swift; path = InfoViewController.swift; sourceTree = "<group>"; };
		9C8DFA591D1673DF00353D8C /* TodayViewController.swift */ = {isa = PBXFileReference; lastKnownFileType = sourcecode.swift; path = TodayViewController.swift; sourceTree = "<group>"; };
		9C8DFA5C1D1673DF00353D8C /* Base */ = {isa = PBXFileReference; lastKnownFileType = file.storyboard; name = Base; path = Base.lproj/MainInterface.storyboard; sourceTree = "<group>"; };
		9C8DFA5E1D1673DF00353D8C /* Info.plist */ = {isa = PBXFileReference; lastKnownFileType = text.plist.xml; path = Info.plist; sourceTree = "<group>"; };
		9C9740091CFC10F9000A5AFD /* Easing.swift */ = {isa = PBXFileReference; fileEncoding = 4; lastKnownFileType = sourcecode.swift; path = Easing.swift; sourceTree = "<group>"; };
		9CB37BE51CE844400080B5B1 /* SunriseSunset.app */ = {isa = PBXFileReference; explicitFileType = wrapper.application; includeInIndex = 0; path = SunriseSunset.app; sourceTree = BUILT_PRODUCTS_DIR; };
		9CB37BE81CE844400080B5B1 /* AppDelegate.swift */ = {isa = PBXFileReference; lastKnownFileType = sourcecode.swift; path = AppDelegate.swift; sourceTree = "<group>"; };
		9CB37BEA1CE844400080B5B1 /* SunViewController.swift */ = {isa = PBXFileReference; lastKnownFileType = sourcecode.swift; path = SunViewController.swift; sourceTree = "<group>"; };
		9CB37BED1CE844400080B5B1 /* Base */ = {isa = PBXFileReference; lastKnownFileType = file.storyboard; name = Base; path = Base.lproj/Main.storyboard; sourceTree = "<group>"; };
		9CB37BEF1CE844400080B5B1 /* Assets.xcassets */ = {isa = PBXFileReference; lastKnownFileType = folder.assetcatalog; path = Assets.xcassets; sourceTree = "<group>"; };
		9CB37BF21CE844400080B5B1 /* Base */ = {isa = PBXFileReference; lastKnownFileType = file.storyboard; name = Base; path = Base.lproj/LaunchScreen.storyboard; sourceTree = "<group>"; };
		9CB37BF41CE844400080B5B1 /* Info.plist */ = {isa = PBXFileReference; lastKnownFileType = text.plist.xml; path = Info.plist; sourceTree = "<group>"; };
		9CB37BF91CE844400080B5B1 /* SunriseSunsetTests.xctest */ = {isa = PBXFileReference; explicitFileType = wrapper.cfbundle; includeInIndex = 0; path = SunriseSunsetTests.xctest; sourceTree = BUILT_PRODUCTS_DIR; };
		9CB37BFD1CE844400080B5B1 /* SunriseSunsetTests.swift */ = {isa = PBXFileReference; lastKnownFileType = sourcecode.swift; path = SunriseSunsetTests.swift; sourceTree = "<group>"; };
		9CB37BFF1CE844400080B5B1 /* Info.plist */ = {isa = PBXFileReference; lastKnownFileType = text.plist.xml; path = Info.plist; sourceTree = "<group>"; };
		9CB37C041CE844400080B5B1 /* SunriseSunsetUITests.xctest */ = {isa = PBXFileReference; explicitFileType = wrapper.cfbundle; includeInIndex = 0; path = SunriseSunsetUITests.xctest; sourceTree = BUILT_PRODUCTS_DIR; };
		9CB37C081CE844400080B5B1 /* SunriseSunsetUITests.swift */ = {isa = PBXFileReference; lastKnownFileType = sourcecode.swift; path = SunriseSunsetUITests.swift; sourceTree = "<group>"; };
		9CB37C0A1CE844400080B5B1 /* Info.plist */ = {isa = PBXFileReference; lastKnownFileType = text.plist.xml; path = Info.plist; sourceTree = "<group>"; };
		9CB5F24E1D167857005F4E10 /* SolisWidget.entitlements */ = {isa = PBXFileReference; lastKnownFileType = text.xml; path = SolisWidget.entitlements; sourceTree = "<group>"; };
		9CB5F24F1D1678CE005F4E10 /* SunriseSunset.entitlements */ = {isa = PBXFileReference; lastKnownFileType = text.xml; path = SunriseSunset.entitlements; sourceTree = "<group>"; };
		9CBB09AD1CED6D1000F344C4 /* Sun.swift */ = {isa = PBXFileReference; fileEncoding = 4; lastKnownFileType = sourcecode.swift; path = Sun.swift; sourceTree = "<group>"; };
		9CC052351D22465A00CBBECE /* TimeZones.swift */ = {isa = PBXFileReference; fileEncoding = 4; lastKnownFileType = sourcecode.swift; path = TimeZones.swift; sourceTree = "<group>"; };
		9CC427A41D11088100693E32 /* UILabel.swift */ = {isa = PBXFileReference; fileEncoding = 4; lastKnownFileType = sourcecode.swift; path = UILabel.swift; sourceTree = "<group>"; };
		9CC92F631CFEB1D500FA320D /* MenuViewController.swift */ = {isa = PBXFileReference; fileEncoding = 4; lastKnownFileType = sourcecode.swift; path = MenuViewController.swift; sourceTree = "<group>"; };
		9CDE815B1D03E8710036FD34 /* Muli-Light.ttf */ = {isa = PBXFileReference; lastKnownFileType = file; path = "Muli-Light.ttf"; sourceTree = "<group>"; };
		9CDE815C1D03E8710036FD34 /* Muli-Regular.ttf */ = {isa = PBXFileReference; lastKnownFileType = file; path = "Muli-Regular.ttf"; sourceTree = "<group>"; };
		9CE885951CEFEC260045BEFB /* Location.swift */ = {isa = PBXFileReference; fileEncoding = 4; lastKnownFileType = sourcecode.swift; path = Location.swift; sourceTree = "<group>"; };
		AA99C3A67CB3B1E830EF48C7 /* Pods-SunriseSunsetTests.debug.xcconfig */ = {isa = PBXFileReference; includeInIndex = 1; lastKnownFileType = text.xcconfig; name = "Pods-SunriseSunsetTests.debug.xcconfig"; path = "Pods/Target Support Files/Pods-SunriseSunsetTests/Pods-SunriseSunsetTests.debug.xcconfig"; sourceTree = "<group>"; };
		DED2E6359782E6E93CF79070 /* Pods_SunriseSunset.framework */ = {isa = PBXFileReference; explicitFileType = wrapper.framework; includeInIndex = 0; path = Pods_SunriseSunset.framework; sourceTree = BUILT_PRODUCTS_DIR; };
		E306CB1F3E54D1B76CA78AE9 /* Pods-SunriseSunsetUITests.debug.xcconfig */ = {isa = PBXFileReference; includeInIndex = 1; lastKnownFileType = text.xcconfig; name = "Pods-SunriseSunsetUITests.debug.xcconfig"; path = "Pods/Target Support Files/Pods-SunriseSunsetUITests/Pods-SunriseSunsetUITests.debug.xcconfig"; sourceTree = "<group>"; };
/* End PBXFileReference section */

/* Begin PBXFrameworksBuildPhase section */
		9C4774501D16762C00C38FFF /* Frameworks */ = {
			isa = PBXFrameworksBuildPhase;
			buildActionMask = 2147483647;
			files = (
				9C857AE01D23ABDC0016F9EC /* SwiftLocation.framework in Frameworks */,
				9C857ADE1D23ABCA0016F9EC /* EDSunriseSet.framework in Frameworks */,
				9C4774541D16762C00C38FFF /* NotificationCenter.framework in Frameworks */,
				AF03E0CD87CACCBB7270FD24 /* Pods_SolisWidget.framework in Frameworks */,
			);
			runOnlyForDeploymentPostprocessing = 0;
		};
		9CB37BE21CE844400080B5B1 /* Frameworks */ = {
			isa = PBXFrameworksBuildPhase;
			buildActionMask = 2147483647;
			files = (
				68916F95FEEF433A3C416B21 /* Pods_SunriseSunset.framework in Frameworks */,
			);
			runOnlyForDeploymentPostprocessing = 0;
		};
		9CB37BF61CE844400080B5B1 /* Frameworks */ = {
			isa = PBXFrameworksBuildPhase;
			buildActionMask = 2147483647;
			files = (
				9611BAD3C7928B584AE42292 /* Pods_SunriseSunsetTests.framework in Frameworks */,
			);
			runOnlyForDeploymentPostprocessing = 0;
		};
		9CB37C011CE844400080B5B1 /* Frameworks */ = {
			isa = PBXFrameworksBuildPhase;
			buildActionMask = 2147483647;
			files = (
				BBF3A4DB1DBC590F5D18DAA1 /* Pods_SunriseSunsetUITests.framework in Frameworks */,
			);
			runOnlyForDeploymentPostprocessing = 0;
		};
/* End PBXFrameworksBuildPhase section */

/* Begin PBXGroup section */
		098B94D1FA5114888528E1BB /* Pods */ = {
			isa = PBXGroup;
			children = (
				6B07E61652733E72AABE799A /* Pods-SunriseSunset.debug.xcconfig */,
				6F43EA11CC35450734F19303 /* Pods-SunriseSunset.release.xcconfig */,
				AA99C3A67CB3B1E830EF48C7 /* Pods-SunriseSunsetTests.debug.xcconfig */,
				6BB03123F6EDFAB71E56CFF4 /* Pods-SunriseSunsetTests.release.xcconfig */,
				E306CB1F3E54D1B76CA78AE9 /* Pods-SunriseSunsetUITests.debug.xcconfig */,
				1248F1ED9E523C1D50AB4AE0 /* Pods-SunriseSunsetUITests.release.xcconfig */,
				4D8F71CEB673A51BFC460025 /* Pods-SolisWidget.debug.xcconfig */,
				2EEA209A8E9D025024F5EEFE /* Pods-SolisWidget.release.xcconfig */,
			);
			name = Pods;
			sourceTree = "<group>";
		};
		69BBFC24078540B1D3E7C31D /* Frameworks */ = {
			isa = PBXGroup;
			children = (
				9C857ADF1D23ABDC0016F9EC /* SwiftLocation.framework */,
				9C857ADD1D23ABCA0016F9EC /* EDSunriseSet.framework */,
				DED2E6359782E6E93CF79070 /* Pods_SunriseSunset.framework */,
				54E781139EF443B9345BBA97 /* Pods_SunriseSunsetTests.framework */,
				3189E0E4F45FF1E27907170F /* Pods_SunriseSunsetUITests.framework */,
				9C76542D1D166C0800E0B4F9 /* NotificationCenter.framework */,
				4EFD17315D5F7C44BC2E3E2B /* Pods_SolisWidget.framework */,
			);
			name = Frameworks;
			sourceTree = "<group>";
		};
		9C13350D1D1529A1004B3F1B /* ViewControllers */ = {
			isa = PBXGroup;
			children = (
				9C13350B1D152218004B3F1B /* LocationChangeViewController.swift */,
				9C4B86A51CFFE3D5002C4EA4 /* MainViewController.swift */,
				9CC92F631CFEB1D500FA320D /* MenuViewController.swift */,
				9CB37BEA1CE844400080B5B1 /* SunViewController.swift */,
				9C27BE661D2CDBDE0093B2A6 /* InfoMenuViewController.swift */,
				9C88799F1D3752AF00B8D1B9 /* InfoViewController.swift */,
			);
			name = ViewControllers;
			sourceTree = "<group>";
		};
		9C20A3F61D0FD3AE0079F3A5 /* Playground */ = {
			isa = PBXGroup;
			children = (
			);
			name = Playground;
			sourceTree = "<group>";
		};
		9C3314F51CE976AF004D012E /* Extensions */ = {
			isa = PBXGroup;
			children = (
				9C3314F61CE976BE004D012E /* NSDate.swift */,
				9C3314F81CE9A723004D012E /* UIColor.swift */,
				9CC427A41D11088100693E32 /* UILabel.swift */,
				9C27BE6A1D3212520093B2A6 /* UIButton.swift */,
			);
			name = Extensions;
			sourceTree = "<group>";
		};
		9C485AB21CED807A0086B22E /* SunStuff */ = {
			isa = PBXGroup;
			children = (
				9C3314F11CE95783004D012E /* Suntime.swift */,
				9CBB09AD1CED6D1000F344C4 /* Sun.swift */,
				9C485AB01CED7E130086B22E /* Sunline.swift */,
				9C20A3F81D0FD5D40079F3A5 /* SunLogic.swift */,
				9C6BCB211D3CA6F00069BC16 /* SunType.swift */,
				9C36570D1D471688001019BB /* SunPlace.swift */,
			);
			name = SunStuff;
			sourceTree = "<group>";
		};
		9C58B36D1D3365C000EBAD1D /* Spring */ = {
			isa = PBXGroup;
			children = (
				9C58B36E1D3365C000EBAD1D /* AsyncButton.swift */,
				9C58B36F1D3365C000EBAD1D /* AsyncImageView.swift */,
				9C58B3701D3365C000EBAD1D /* AutoTextView.swift */,
				9C58B3711D3365C000EBAD1D /* BlurView.swift */,
				9C58B3721D3365C000EBAD1D /* DesignableButton.swift */,
				9C58B3731D3365C000EBAD1D /* DesignableImageView.swift */,
				9C58B3741D3365C000EBAD1D /* DesignableLabel.swift */,
				9C58B3751D3365C000EBAD1D /* DesignableTabBarController.swift */,
				9C58B3761D3365C000EBAD1D /* DesignableTextField.swift */,
				9C58B3771D3365C000EBAD1D /* DesignableTextView.swift */,
				9C58B3781D3365C000EBAD1D /* DesignableView.swift */,
				9C58B3791D3365C000EBAD1D /* ImageLoader.swift */,
				9C58B37A1D3365C000EBAD1D /* Info.plist */,
				9C58B37B1D3365C000EBAD1D /* KeyboardLayoutConstraint.swift */,
				9C58B37C1D3365C000EBAD1D /* LoadingView.swift */,
				9C58B37D1D3365C000EBAD1D /* LoadingView.xib */,
				9C58B37E1D3365C000EBAD1D /* Misc.swift */,
				9C58B37F1D3365C000EBAD1D /* SoundPlayer.swift */,
				9C58B3801D3365C000EBAD1D /* Spring.h */,
				9C58B3811D3365C000EBAD1D /* Spring.swift */,
				9C58B3821D3365C000EBAD1D /* SpringAnimation.swift */,
				9C58B3831D3365C000EBAD1D /* SpringButton.swift */,
				9C58B3841D3365C000EBAD1D /* SpringImageView.swift */,
				9C58B3851D3365C000EBAD1D /* SpringLabel.swift */,
				9C58B3861D3365C000EBAD1D /* SpringTextField.swift */,
				9C58B3871D3365C000EBAD1D /* SpringTextView.swift */,
				9C58B3881D3365C000EBAD1D /* SpringView.swift */,
				9C58B3891D3365C000EBAD1D /* TransitionManager.swift */,
				9C58B38A1D3365C000EBAD1D /* TransitionZoom.swift */,
				9C58B38B1D3365C000EBAD1D /* UnwindSegue.swift */,
			);
			path = Spring;
			sourceTree = "<group>";
		};
		9C8DFA581D1673DF00353D8C /* SolisWidget */ = {
			isa = PBXGroup;
			children = (
				9CB5F24E1D167857005F4E10 /* SolisWidget.entitlements */,
				9C8DFA591D1673DF00353D8C /* TodayViewController.swift */,
				9C8DFA5B1D1673DF00353D8C /* MainInterface.storyboard */,
				9C8DFA5E1D1673DF00353D8C /* Info.plist */,
			);
			path = SolisWidget;
			sourceTree = "<group>";
		};
		9CB37BDC1CE844400080B5B1 = {
			isa = PBXGroup;
			children = (
				9CB37BE71CE844400080B5B1 /* SunriseSunset */,
				9CB37BFC1CE844400080B5B1 /* SunriseSunsetTests */,
				9CB37C071CE844400080B5B1 /* SunriseSunsetUITests */,
				9C8DFA581D1673DF00353D8C /* SolisWidget */,
				9CB37BE61CE844400080B5B1 /* Products */,
				098B94D1FA5114888528E1BB /* Pods */,
				69BBFC24078540B1D3E7C31D /* Frameworks */,
			);
			sourceTree = "<group>";
		};
		9CB37BE61CE844400080B5B1 /* Products */ = {
			isa = PBXGroup;
			children = (
				9CB37BE51CE844400080B5B1 /* SunriseSunset.app */,
				9CB37BF91CE844400080B5B1 /* SunriseSunsetTests.xctest */,
				9CB37C041CE844400080B5B1 /* SunriseSunsetUITests.xctest */,
				9C4774531D16762C00C38FFF /* SolisWidget.appex */,
			);
			name = Products;
			sourceTree = "<group>";
		};
		9CB37BE71CE844400080B5B1 /* SunriseSunset */ = {
			isa = PBXGroup;
			children = (
				9CB5F24F1D1678CE005F4E10 /* SunriseSunset.entitlements */,
				9C4EFA001D1A6C13001CA591 /* Objective-CBridgingHeader.h */,
				9CB37BF41CE844400080B5B1 /* Info.plist */,
				9CB37BE81CE844400080B5B1 /* AppDelegate.swift */,
				9C4B86A31CFEBAC3002C4EA4 /* Bus.swift */,
				9C236CD71D16798300FB9985 /* Defaults.swift */,
				9C9740091CFC10F9000A5AFD /* Easing.swift */,
				9CE885951CEFEC260045BEFB /* Location.swift */,
				9C1F57A01CF26C67000E8B29 /* MomentumScroll.swift */,
				9C20A3F41D0FCC470079F3A5 /* Notifications.swift */,
				9C3314F31CE9712F004D012E /* Styles.swift */,
				9C236CDE1D169C6900FB9985 /* TimeFormatters.swift */,
				9CC052351D22465A00CBBECE /* TimeZones.swift */,
				9C37C0C11CF6C929002ED35A /* TouchDownView.swift */,
				9CB37BEF1CE844400080B5B1 /* Assets.xcassets */,
				9C3314F51CE976AF004D012E /* Extensions */,
				9CDE815A1D03E7D50036FD34 /* Fonts */,
				9CB37BF11CE844400080B5B1 /* LaunchScreen.storyboard */,
				9CB37BEC1CE844400080B5B1 /* Main.storyboard */,
				9C20A3F61D0FD3AE0079F3A5 /* Playground */,
				9C58B36D1D3365C000EBAD1D /* Spring */,
				9C485AB21CED807A0086B22E /* SunStuff */,
				9C13350D1D1529A1004B3F1B /* ViewControllers */,
				9C6BCB1F1D3CA6970069BC16 /* InfoData.swift */,
			);
			path = SunriseSunset;
			sourceTree = "<group>";
		};
		9CB37BFC1CE844400080B5B1 /* SunriseSunsetTests */ = {
			isa = PBXGroup;
			children = (
				9CB37BFD1CE844400080B5B1 /* SunriseSunsetTests.swift */,
				9CB37BFF1CE844400080B5B1 /* Info.plist */,
			);
			path = SunriseSunsetTests;
			sourceTree = "<group>";
		};
		9CB37C071CE844400080B5B1 /* SunriseSunsetUITests */ = {
			isa = PBXGroup;
			children = (
				9CB37C081CE844400080B5B1 /* SunriseSunsetUITests.swift */,
				9CB37C0A1CE844400080B5B1 /* Info.plist */,
			);
			path = SunriseSunsetUITests;
			sourceTree = "<group>";
		};
		9CDE815A1D03E7D50036FD34 /* Fonts */ = {
			isa = PBXGroup;
			children = (
				9CDE815B1D03E8710036FD34 /* Muli-Light.ttf */,
				9CDE815C1D03E8710036FD34 /* Muli-Regular.ttf */,
			);
			name = Fonts;
			sourceTree = "<group>";
		};
/* End PBXGroup section */

/* Begin PBXNativeTarget section */
		9C4774521D16762C00C38FFF /* SolisWidget */ = {
			isa = PBXNativeTarget;
			buildConfigurationList = 9C4774611D16762C00C38FFF /* Build configuration list for PBXNativeTarget "SolisWidget" */;
			buildPhases = (
				042932FC93761B59AA9FEBF4 /* [CP] Check Pods Manifest.lock */,
				9C47744F1D16762C00C38FFF /* Sources */,
				9C4774501D16762C00C38FFF /* Frameworks */,
				9C4774511D16762C00C38FFF /* Resources */,
				F396C9EE2F9E5803ABAABD27 /* [CP] Copy Pods Resources */,
				9C6B85871D24ED1D00CB8EC9 /* Delete Invalid Frameworks */,
			);
			buildRules = (
			);
			dependencies = (
			);
			name = SolisWidget;
			productName = SolisWidget;
			productReference = 9C4774531D16762C00C38FFF /* SolisWidget.appex */;
			productType = "com.apple.product-type.app-extension";
		};
		9CB37BE41CE844400080B5B1 /* SunriseSunset */ = {
			isa = PBXNativeTarget;
			buildConfigurationList = 9CB37C0D1CE844400080B5B1 /* Build configuration list for PBXNativeTarget "SunriseSunset" */;
			buildPhases = (
				327788B68AEDEB01327E3B79 /* [CP] Check Pods Manifest.lock */,
				9CB37BE11CE844400080B5B1 /* Sources */,
				9CB37BE21CE844400080B5B1 /* Frameworks */,
				9CB37BE31CE844400080B5B1 /* Resources */,
				C2AAB571B192715F75A805DB /* [CP] Embed Pods Frameworks */,
				FD3C100424DB22A120D4A716 /* [CP] Copy Pods Resources */,
				9C76543C1D166C0800E0B4F9 /* Embed App Extensions */,
				9C6D79721D24F413001FF0A3 /* Remove Appex Frameworks */,
			);
			buildRules = (
			);
			dependencies = (
				9C47745D1D16762C00C38FFF /* PBXTargetDependency */,
			);
			name = SunriseSunset;
			productName = SunriseSunset;
			productReference = 9CB37BE51CE844400080B5B1 /* SunriseSunset.app */;
			productType = "com.apple.product-type.application";
		};
		9CB37BF81CE844400080B5B1 /* SunriseSunsetTests */ = {
			isa = PBXNativeTarget;
			buildConfigurationList = 9CB37C101CE844400080B5B1 /* Build configuration list for PBXNativeTarget "SunriseSunsetTests" */;
			buildPhases = (
				4F438FAB5A1905341EE012FA /* [CP] Check Pods Manifest.lock */,
				9CB37BF51CE844400080B5B1 /* Sources */,
				9CB37BF61CE844400080B5B1 /* Frameworks */,
				9CB37BF71CE844400080B5B1 /* Resources */,
				C6086DA650AD6BD928DEE459 /* [CP] Embed Pods Frameworks */,
				0D03A7B715EB6155297DE4B5 /* [CP] Copy Pods Resources */,
			);
			buildRules = (
			);
			dependencies = (
				9CB37BFB1CE844400080B5B1 /* PBXTargetDependency */,
			);
			name = SunriseSunsetTests;
			productName = SunriseSunsetTests;
			productReference = 9CB37BF91CE844400080B5B1 /* SunriseSunsetTests.xctest */;
			productType = "com.apple.product-type.bundle.unit-test";
		};
		9CB37C031CE844400080B5B1 /* SunriseSunsetUITests */ = {
			isa = PBXNativeTarget;
			buildConfigurationList = 9CB37C131CE844400080B5B1 /* Build configuration list for PBXNativeTarget "SunriseSunsetUITests" */;
			buildPhases = (
				4C5D36B1A5CDE5D973BCAD44 /* [CP] Check Pods Manifest.lock */,
				9CB37C001CE844400080B5B1 /* Sources */,
				9CB37C011CE844400080B5B1 /* Frameworks */,
				9CB37C021CE844400080B5B1 /* Resources */,
				CDB19EA84CD7C1091B4DC585 /* [CP] Copy Pods Resources */,
			);
			buildRules = (
			);
			dependencies = (
				9CB37C061CE844400080B5B1 /* PBXTargetDependency */,
			);
			name = SunriseSunsetUITests;
			productName = SunriseSunsetUITests;
			productReference = 9CB37C041CE844400080B5B1 /* SunriseSunsetUITests.xctest */;
			productType = "com.apple.product-type.bundle.ui-testing";
		};
/* End PBXNativeTarget section */

/* Begin PBXProject section */
		9CB37BDD1CE844400080B5B1 /* Project object */ = {
			isa = PBXProject;
			attributes = {
				LastSwiftUpdateCheck = 0730;
				LastUpgradeCheck = 0730;
				ORGANIZATIONNAME = Puddllee;
				TargetAttributes = {
					9C4774521D16762C00C38FFF = {
						CreatedOnToolsVersion = 7.3.1;
						DevelopmentTeam = 4TPDCY22V9;
						SystemCapabilities = {
							com.apple.ApplicationGroups.iOS = {
								enabled = 1;
							};
						};
					};
					9CB37BE41CE844400080B5B1 = {
						CreatedOnToolsVersion = 7.3.1;
						DevelopmentTeam = 4TPDCY22V9;
						SystemCapabilities = {
							com.apple.ApplicationGroups.iOS = {
								enabled = 1;
							};
							com.apple.BackgroundModes = {
								enabled = 1;
							};
						};
					};
					9CB37BF81CE844400080B5B1 = {
						CreatedOnToolsVersion = 7.3.1;
						TestTargetID = 9CB37BE41CE844400080B5B1;
					};
					9CB37C031CE844400080B5B1 = {
						CreatedOnToolsVersion = 7.3.1;
						TestTargetID = 9CB37BE41CE844400080B5B1;
					};
				};
			};
			buildConfigurationList = 9CB37BE01CE844400080B5B1 /* Build configuration list for PBXProject "SunriseSunset" */;
			compatibilityVersion = "Xcode 3.2";
			developmentRegion = English;
			hasScannedForEncodings = 0;
			knownRegions = (
				en,
				Base,
			);
			mainGroup = 9CB37BDC1CE844400080B5B1;
			productRefGroup = 9CB37BE61CE844400080B5B1 /* Products */;
			projectDirPath = "";
			projectRoot = "";
			targets = (
				9CB37BE41CE844400080B5B1 /* SunriseSunset */,
				9CB37BF81CE844400080B5B1 /* SunriseSunsetTests */,
				9CB37C031CE844400080B5B1 /* SunriseSunsetUITests */,
				9C4774521D16762C00C38FFF /* SolisWidget */,
			);
		};
/* End PBXProject section */

/* Begin PBXResourcesBuildPhase section */
		9C4774511D16762C00C38FFF /* Resources */ = {
			isa = PBXResourcesBuildPhase;
			buildActionMask = 2147483647;
			files = (
				9C236CE51D16B0B300FB9985 /* Info.plist in Resources */,
				9C236CE91D16B13100FB9985 /* MainInterface.storyboard in Resources */,
				9C236CE71D16B0B600FB9985 /* SolisWidget.entitlements in Resources */,
			);
			runOnlyForDeploymentPostprocessing = 0;
		};
		9CB37BE31CE844400080B5B1 /* Resources */ = {
			isa = PBXResourcesBuildPhase;
			buildActionMask = 2147483647;
			files = (
				9C236CE61D16B0B500FB9985 /* SolisWidget.entitlements in Resources */,
				9CB37BF31CE844400080B5B1 /* LaunchScreen.storyboard in Resources */,
				9C58B3981D3365C000EBAD1D /* Info.plist in Resources */,
				9CB37BF01CE844400080B5B1 /* Assets.xcassets in Resources */,
				9CDE815D1D03E8710036FD34 /* Muli-Light.ttf in Resources */,
				9CDE815E1D03E8710036FD34 /* Muli-Regular.ttf in Resources */,
				9C236CE81D16B12F00FB9985 /* MainInterface.storyboard in Resources */,
				9CB37BEE1CE844400080B5B1 /* Main.storyboard in Resources */,
				9C236CE41D16B0B100FB9985 /* Info.plist in Resources */,
				9C58B39B1D3365C000EBAD1D /* LoadingView.xib in Resources */,
			);
			runOnlyForDeploymentPostprocessing = 0;
		};
		9CB37BF71CE844400080B5B1 /* Resources */ = {
			isa = PBXResourcesBuildPhase;
			buildActionMask = 2147483647;
			files = (
			);
			runOnlyForDeploymentPostprocessing = 0;
		};
		9CB37C021CE844400080B5B1 /* Resources */ = {
			isa = PBXResourcesBuildPhase;
			buildActionMask = 2147483647;
			files = (
			);
			runOnlyForDeploymentPostprocessing = 0;
		};
/* End PBXResourcesBuildPhase section */

/* Begin PBXShellScriptBuildPhase section */
		042932FC93761B59AA9FEBF4 /* [CP] Check Pods Manifest.lock */ = {
			isa = PBXShellScriptBuildPhase;
			buildActionMask = 2147483647;
			files = (
			);
			inputPaths = (
			);
			name = "[CP] Check Pods Manifest.lock";
			outputPaths = (
			);
			runOnlyForDeploymentPostprocessing = 0;
			shellPath = /bin/sh;
			shellScript = "diff \"${PODS_ROOT}/../Podfile.lock\" \"${PODS_ROOT}/Manifest.lock\" > /dev/null\nif [[ $? != 0 ]] ; then\n    cat << EOM\nerror: The sandbox is not in sync with the Podfile.lock. Run 'pod install' or update your CocoaPods installation.\nEOM\n    exit 1\nfi\n";
			showEnvVarsInLog = 0;
		};
		0D03A7B715EB6155297DE4B5 /* [CP] Copy Pods Resources */ = {
			isa = PBXShellScriptBuildPhase;
			buildActionMask = 2147483647;
			files = (
			);
			inputPaths = (
			);
			name = "[CP] Copy Pods Resources";
			outputPaths = (
			);
			runOnlyForDeploymentPostprocessing = 0;
			shellPath = /bin/sh;
			shellScript = "\"${SRCROOT}/Pods/Target Support Files/Pods-SunriseSunsetTests/Pods-SunriseSunsetTests-resources.sh\"\n";
			showEnvVarsInLog = 0;
		};
		327788B68AEDEB01327E3B79 /* [CP] Check Pods Manifest.lock */ = {
			isa = PBXShellScriptBuildPhase;
			buildActionMask = 2147483647;
			files = (
			);
			inputPaths = (
			);
			name = "[CP] Check Pods Manifest.lock";
			outputPaths = (
			);
			runOnlyForDeploymentPostprocessing = 0;
			shellPath = /bin/sh;
			shellScript = "diff \"${PODS_ROOT}/../Podfile.lock\" \"${PODS_ROOT}/Manifest.lock\" > /dev/null\nif [[ $? != 0 ]] ; then\n    cat << EOM\nerror: The sandbox is not in sync with the Podfile.lock. Run 'pod install' or update your CocoaPods installation.\nEOM\n    exit 1\nfi\n";
			showEnvVarsInLog = 0;
		};
		4C5D36B1A5CDE5D973BCAD44 /* [CP] Check Pods Manifest.lock */ = {
			isa = PBXShellScriptBuildPhase;
			buildActionMask = 2147483647;
			files = (
			);
			inputPaths = (
			);
			name = "[CP] Check Pods Manifest.lock";
			outputPaths = (
			);
			runOnlyForDeploymentPostprocessing = 0;
			shellPath = /bin/sh;
			shellScript = "diff \"${PODS_ROOT}/../Podfile.lock\" \"${PODS_ROOT}/Manifest.lock\" > /dev/null\nif [[ $? != 0 ]] ; then\n    cat << EOM\nerror: The sandbox is not in sync with the Podfile.lock. Run 'pod install' or update your CocoaPods installation.\nEOM\n    exit 1\nfi\n";
			showEnvVarsInLog = 0;
		};
		4F438FAB5A1905341EE012FA /* [CP] Check Pods Manifest.lock */ = {
			isa = PBXShellScriptBuildPhase;
			buildActionMask = 2147483647;
			files = (
			);
			inputPaths = (
			);
			name = "[CP] Check Pods Manifest.lock";
			outputPaths = (
			);
			runOnlyForDeploymentPostprocessing = 0;
			shellPath = /bin/sh;
			shellScript = "diff \"${PODS_ROOT}/../Podfile.lock\" \"${PODS_ROOT}/Manifest.lock\" > /dev/null\nif [[ $? != 0 ]] ; then\n    cat << EOM\nerror: The sandbox is not in sync with the Podfile.lock. Run 'pod install' or update your CocoaPods installation.\nEOM\n    exit 1\nfi\n";
			showEnvVarsInLog = 0;
		};
		9C6B85871D24ED1D00CB8EC9 /* Delete Invalid Frameworks */ = {
			isa = PBXShellScriptBuildPhase;
			buildActionMask = 2147483647;
			files = (
			);
			inputPaths = (
			);
			name = "Delete Invalid Frameworks";
			outputPaths = (
			);
			runOnlyForDeploymentPostprocessing = 0;
			shellPath = /bin/sh;
			shellScript = "cd \"${CONFIGURATION_BUILD_DIR}/${UNLOCALIZED_RESOURCES_FOLDER_PATH}/\"\nif [[ -d \"Frameworks\" ]]; then\nrm -fr Frameworks\nfi";
		};
		9C6D79721D24F413001FF0A3 /* Remove Appex Frameworks */ = {
			isa = PBXShellScriptBuildPhase;
			buildActionMask = 2147483647;
			files = (
			);
			inputPaths = (
			);
			name = "Remove Appex Frameworks";
			outputPaths = (
			);
			runOnlyForDeploymentPostprocessing = 0;
			shellPath = /bin/sh;
			shellScript = "EMBEDDED_EXTENSION_PLUGIN_PATH=\"$TARGET_BUILD_DIR/$PLUGINS_FOLDER_PATH/SolisWidget.appex/Frameworks\"\nif [[ -d \"$EMBEDDED_EXTENSION_PLUGIN_PATH\" ]]; then\nrm -fr \"$EMBEDDED_EXTENSION_PLUGIN_PATH\"\nfi";
		};
		C2AAB571B192715F75A805DB /* [CP] Embed Pods Frameworks */ = {
			isa = PBXShellScriptBuildPhase;
			buildActionMask = 2147483647;
			files = (
			);
			inputPaths = (
			);
			name = "[CP] Embed Pods Frameworks";
			outputPaths = (
			);
			runOnlyForDeploymentPostprocessing = 0;
			shellPath = /bin/sh;
			shellScript = "\"${SRCROOT}/Pods/Target Support Files/Pods-SunriseSunset/Pods-SunriseSunset-frameworks.sh\"\n";
			showEnvVarsInLog = 0;
		};
		C6086DA650AD6BD928DEE459 /* [CP] Embed Pods Frameworks */ = {
			isa = PBXShellScriptBuildPhase;
			buildActionMask = 2147483647;
			files = (
			);
			inputPaths = (
			);
			name = "[CP] Embed Pods Frameworks";
			outputPaths = (
			);
			runOnlyForDeploymentPostprocessing = 0;
			shellPath = /bin/sh;
			shellScript = "\"${SRCROOT}/Pods/Target Support Files/Pods-SunriseSunsetTests/Pods-SunriseSunsetTests-frameworks.sh\"\n";
			showEnvVarsInLog = 0;
		};
		CDB19EA84CD7C1091B4DC585 /* [CP] Copy Pods Resources */ = {
			isa = PBXShellScriptBuildPhase;
			buildActionMask = 2147483647;
			files = (
			);
			inputPaths = (
			);
			name = "[CP] Copy Pods Resources";
			outputPaths = (
			);
			runOnlyForDeploymentPostprocessing = 0;
			shellPath = /bin/sh;
			shellScript = "\"${SRCROOT}/Pods/Target Support Files/Pods-SunriseSunsetUITests/Pods-SunriseSunsetUITests-resources.sh\"\n";
			showEnvVarsInLog = 0;
		};
		F396C9EE2F9E5803ABAABD27 /* [CP] Copy Pods Resources */ = {
			isa = PBXShellScriptBuildPhase;
			buildActionMask = 2147483647;
			files = (
			);
			inputPaths = (
			);
			name = "[CP] Copy Pods Resources";
			outputPaths = (
			);
			runOnlyForDeploymentPostprocessing = 0;
			shellPath = /bin/sh;
			shellScript = "\"${SRCROOT}/Pods/Target Support Files/Pods-SolisWidget/Pods-SolisWidget-resources.sh\"\n";
			showEnvVarsInLog = 0;
		};
		FD3C100424DB22A120D4A716 /* [CP] Copy Pods Resources */ = {
			isa = PBXShellScriptBuildPhase;
			buildActionMask = 2147483647;
			files = (
			);
			inputPaths = (
			);
			name = "[CP] Copy Pods Resources";
			outputPaths = (
			);
			runOnlyForDeploymentPostprocessing = 0;
			shellPath = /bin/sh;
			shellScript = "\"${SRCROOT}/Pods/Target Support Files/Pods-SunriseSunset/Pods-SunriseSunset-resources.sh\"\n";
			showEnvVarsInLog = 0;
		};
/* End PBXShellScriptBuildPhase section */

/* Begin PBXSourcesBuildPhase section */
		9C47744F1D16762C00C38FFF /* Sources */ = {
			isa = PBXSourcesBuildPhase;
			buildActionMask = 2147483647;
			files = (
				9C236CDB1D1679B600FB9985 /* UIColor.swift in Sources */,
				9CB5F24C1D16781B005F4E10 /* SunLogic.swift in Sources */,
				9C236CE11D16B08D00FB9985 /* TodayViewController.swift in Sources */,
				9C236CE01D169C6900FB9985 /* TimeFormatters.swift in Sources */,
				9C236CD91D16798300FB9985 /* Defaults.swift in Sources */,
				9C236CDD1D1679CC00FB9985 /* NSDate.swift in Sources */,
				9C236CDA1D1679A800FB9985 /* Styles.swift in Sources */,
				9CB5F2501D16791F005F4E10 /* Location.swift in Sources */,
				9C36570F1D471C27001019BB /* SunPlace.swift in Sources */,
				9C6BCB231D3CA7080069BC16 /* SunType.swift in Sources */,
				9C236CDC1D1679C200FB9985 /* Bus.swift in Sources */,
				9CB5F24D1D167829005F4E10 /* Suntime.swift in Sources */,
			);
			runOnlyForDeploymentPostprocessing = 0;
		};
		9CB37BE11CE844400080B5B1 /* Sources */ = {
			isa = PBXSourcesBuildPhase;
			buildActionMask = 2147483647;
			files = (
				9CB37BEB1CE844400080B5B1 /* SunViewController.swift in Sources */,
				9CB37BE91CE844400080B5B1 /* AppDelegate.swift in Sources */,
				9C97400A1CFC10F9000A5AFD /* Easing.swift in Sources */,
				9C6BCB201D3CA6970069BC16 /* InfoData.swift in Sources */,
				9C36570E1D471688001019BB /* SunPlace.swift in Sources */,
				9C58B3991D3365C000EBAD1D /* KeyboardLayoutConstraint.swift in Sources */,
				9C1F57A11CF26C67000E8B29 /* MomentumScroll.swift in Sources */,
				9C58B3931D3365C000EBAD1D /* DesignableTabBarController.swift in Sources */,
				9C58B3941D3365C000EBAD1D /* DesignableTextField.swift in Sources */,
				9C58B3A31D3365C000EBAD1D /* SpringTextField.swift in Sources */,
				9CC427A51D11088100693E32 /* UILabel.swift in Sources */,
				9C58B3A71D3365C000EBAD1D /* TransitionZoom.swift in Sources */,
				9C27BE6B1D3212520093B2A6 /* UIButton.swift in Sources */,
				9C58B3961D3365C000EBAD1D /* DesignableView.swift in Sources */,
				9C4B86A41CFEBAC3002C4EA4 /* Bus.swift in Sources */,
				9C58B39A1D3365C000EBAD1D /* LoadingView.swift in Sources */,
				9C8879A01D3752AF00B8D1B9 /* InfoViewController.swift in Sources */,
				9C3314F21CE95783004D012E /* Suntime.swift in Sources */,
				9CBB09AE1CED6D1000F344C4 /* Sun.swift in Sources */,
				9CE885961CEFEC260045BEFB /* Location.swift in Sources */,
				9C58B3A61D3365C000EBAD1D /* TransitionManager.swift in Sources */,
				9C58B39F1D3365C000EBAD1D /* SpringAnimation.swift in Sources */,
				9C58B39D1D3365C000EBAD1D /* SoundPlayer.swift in Sources */,
				9C58B3A41D3365C000EBAD1D /* SpringTextView.swift in Sources */,
				9C58B38E1D3365C000EBAD1D /* AutoTextView.swift in Sources */,
				9C20A3F51D0FCC470079F3A5 /* Notifications.swift in Sources */,
				9CC92F641CFEB1D500FA320D /* MenuViewController.swift in Sources */,
				9C58B38C1D3365C000EBAD1D /* AsyncButton.swift in Sources */,
				9C58B39E1D3365C000EBAD1D /* Spring.swift in Sources */,
				9C4B86A61CFFE3D5002C4EA4 /* MainViewController.swift in Sources */,
				9C58B3A21D3365C000EBAD1D /* SpringLabel.swift in Sources */,
				9C6BCB221D3CA6F00069BC16 /* SunType.swift in Sources */,
				9C58B3951D3365C000EBAD1D /* DesignableTextView.swift in Sources */,
				9C58B38D1D3365C000EBAD1D /* AsyncImageView.swift in Sources */,
				9CB5F24B1D167719005F4E10 /* TodayViewController.swift in Sources */,
				9C3314F71CE976BE004D012E /* NSDate.swift in Sources */,
				9C58B38F1D3365C000EBAD1D /* BlurView.swift in Sources */,
				9C3314F41CE9712F004D012E /* Styles.swift in Sources */,
				9C58B3A81D3365C000EBAD1D /* UnwindSegue.swift in Sources */,
				9C236CD81D16798300FB9985 /* Defaults.swift in Sources */,
				9C485AB11CED7E130086B22E /* Sunline.swift in Sources */,
				9C58B3971D3365C000EBAD1D /* ImageLoader.swift in Sources */,
				9C58B3A11D3365C000EBAD1D /* SpringImageView.swift in Sources */,
				9CC052361D22465A00CBBECE /* TimeZones.swift in Sources */,
				9C58B3901D3365C000EBAD1D /* DesignableButton.swift in Sources */,
				9C58B3A51D3365C000EBAD1D /* SpringView.swift in Sources */,
				9C20A3F91D0FD5D40079F3A5 /* SunLogic.swift in Sources */,
				9C58B3911D3365C000EBAD1D /* DesignableImageView.swift in Sources */,
				9C58B39C1D3365C000EBAD1D /* Misc.swift in Sources */,
				9C37C0C21CF6C929002ED35A /* TouchDownView.swift in Sources */,
				9C13350C1D152218004B3F1B /* LocationChangeViewController.swift in Sources */,
				9C3314F91CE9A723004D012E /* UIColor.swift in Sources */,
				9C58B3A01D3365C000EBAD1D /* SpringButton.swift in Sources */,
				9C236CDF1D169C6900FB9985 /* TimeFormatters.swift in Sources */,
				9C58B3921D3365C000EBAD1D /* DesignableLabel.swift in Sources */,
				9C27BE671D2CDBDE0093B2A6 /* InfoMenuViewController.swift in Sources */,
			);
			runOnlyForDeploymentPostprocessing = 0;
		};
		9CB37BF51CE844400080B5B1 /* Sources */ = {
			isa = PBXSourcesBuildPhase;
			buildActionMask = 2147483647;
			files = (
				9CB37BFE1CE844400080B5B1 /* SunriseSunsetTests.swift in Sources */,
			);
			runOnlyForDeploymentPostprocessing = 0;
		};
		9CB37C001CE844400080B5B1 /* Sources */ = {
			isa = PBXSourcesBuildPhase;
			buildActionMask = 2147483647;
			files = (
				9CB37C091CE844400080B5B1 /* SunriseSunsetUITests.swift in Sources */,
			);
			runOnlyForDeploymentPostprocessing = 0;
		};
/* End PBXSourcesBuildPhase section */

/* Begin PBXTargetDependency section */
		9C47745D1D16762C00C38FFF /* PBXTargetDependency */ = {
			isa = PBXTargetDependency;
			target = 9C4774521D16762C00C38FFF /* SolisWidget */;
			targetProxy = 9C47745C1D16762C00C38FFF /* PBXContainerItemProxy */;
		};
		9CB37BFB1CE844400080B5B1 /* PBXTargetDependency */ = {
			isa = PBXTargetDependency;
			target = 9CB37BE41CE844400080B5B1 /* SunriseSunset */;
			targetProxy = 9CB37BFA1CE844400080B5B1 /* PBXContainerItemProxy */;
		};
		9CB37C061CE844400080B5B1 /* PBXTargetDependency */ = {
			isa = PBXTargetDependency;
			target = 9CB37BE41CE844400080B5B1 /* SunriseSunset */;
			targetProxy = 9CB37C051CE844400080B5B1 /* PBXContainerItemProxy */;
		};
/* End PBXTargetDependency section */

/* Begin PBXVariantGroup section */
		9C8DFA5B1D1673DF00353D8C /* MainInterface.storyboard */ = {
			isa = PBXVariantGroup;
			children = (
				9C8DFA5C1D1673DF00353D8C /* Base */,
			);
			name = MainInterface.storyboard;
			sourceTree = "<group>";
		};
		9CB37BEC1CE844400080B5B1 /* Main.storyboard */ = {
			isa = PBXVariantGroup;
			children = (
				9CB37BED1CE844400080B5B1 /* Base */,
			);
			name = Main.storyboard;
			sourceTree = "<group>";
		};
		9CB37BF11CE844400080B5B1 /* LaunchScreen.storyboard */ = {
			isa = PBXVariantGroup;
			children = (
				9CB37BF21CE844400080B5B1 /* Base */,
			);
			name = LaunchScreen.storyboard;
			sourceTree = "<group>";
		};
/* End PBXVariantGroup section */

/* Begin XCBuildConfiguration section */
		9C47745F1D16762C00C38FFF /* Debug */ = {
			isa = XCBuildConfiguration;
			baseConfigurationReference = 4D8F71CEB673A51BFC460025 /* Pods-SolisWidget.debug.xcconfig */;
			buildSettings = {
				ASSETCATALOG_COMPILER_APPICON_NAME = AppIcon;
				ASSETCATALOG_COMPILER_LAUNCHIMAGE_NAME = "Brand Assets";
				CODE_SIGN_ENTITLEMENTS = SolisWidget/SolisWidget.entitlements;
				CODE_SIGN_IDENTITY = "iPhone Developer";
				EMBEDDED_CONTENT_CONTAINS_SWIFT = "$(inherited)";
				INFOPLIST_FILE = SolisWidget/Info.plist;
				LD_RUNPATH_SEARCH_PATHS = "$(inherited) @executable_path/Frameworks @executable_path/../../Frameworks";
				PRODUCT_BUNDLE_IDENTIFIER = xyz.jakerunzer.solis.SolisWidget;
				PRODUCT_NAME = "$(TARGET_NAME)";
				SKIP_INSTALL = YES;
			};
			name = Debug;
		};
		9C4774601D16762C00C38FFF /* Release */ = {
			isa = XCBuildConfiguration;
			baseConfigurationReference = 2EEA209A8E9D025024F5EEFE /* Pods-SolisWidget.release.xcconfig */;
			buildSettings = {
				ASSETCATALOG_COMPILER_APPICON_NAME = AppIcon;
				ASSETCATALOG_COMPILER_LAUNCHIMAGE_NAME = "Brand Assets";
				CODE_SIGN_ENTITLEMENTS = SolisWidget/SolisWidget.entitlements;
				CODE_SIGN_IDENTITY = "iPhone Developer";
				EMBEDDED_CONTENT_CONTAINS_SWIFT = "$(inherited)";
				INFOPLIST_FILE = SolisWidget/Info.plist;
				LD_RUNPATH_SEARCH_PATHS = "$(inherited) @executable_path/Frameworks @executable_path/../../Frameworks";
				PRODUCT_BUNDLE_IDENTIFIER = xyz.jakerunzer.solis.SolisWidget;
				PRODUCT_NAME = "$(TARGET_NAME)";
				SKIP_INSTALL = YES;
			};
			name = Release;
		};
		9CB37C0B1CE844400080B5B1 /* Debug */ = {
			isa = XCBuildConfiguration;
			buildSettings = {
				ALWAYS_SEARCH_USER_PATHS = NO;
				CLANG_ANALYZER_NONNULL = YES;
				CLANG_CXX_LANGUAGE_STANDARD = "gnu++0x";
				CLANG_CXX_LIBRARY = "libc++";
				CLANG_ENABLE_MODULES = YES;
				CLANG_ENABLE_OBJC_ARC = YES;
				CLANG_WARN_BOOL_CONVERSION = YES;
				CLANG_WARN_CONSTANT_CONVERSION = YES;
				CLANG_WARN_DIRECT_OBJC_ISA_USAGE = YES_ERROR;
				CLANG_WARN_EMPTY_BODY = YES;
				CLANG_WARN_ENUM_CONVERSION = YES;
				CLANG_WARN_INT_CONVERSION = YES;
				CLANG_WARN_OBJC_ROOT_CLASS = YES_ERROR;
				CLANG_WARN_UNREACHABLE_CODE = YES;
				CLANG_WARN__DUPLICATE_METHOD_MATCH = YES;
				"CODE_SIGN_IDENTITY[sdk=iphoneos*]" = "iPhone Developer";
				COPY_PHASE_STRIP = NO;
				DEBUG_INFORMATION_FORMAT = dwarf;
				ENABLE_STRICT_OBJC_MSGSEND = YES;
				ENABLE_TESTABILITY = YES;
				GCC_C_LANGUAGE_STANDARD = gnu99;
				GCC_DYNAMIC_NO_PIC = NO;
				GCC_NO_COMMON_BLOCKS = YES;
				GCC_OPTIMIZATION_LEVEL = 0;
				GCC_PREPROCESSOR_DEFINITIONS = (
					"DEBUG=1",
					"$(inherited)",
				);
				GCC_WARN_64_TO_32_BIT_CONVERSION = YES;
				GCC_WARN_ABOUT_RETURN_TYPE = YES_ERROR;
				GCC_WARN_UNDECLARED_SELECTOR = YES;
				GCC_WARN_UNINITIALIZED_AUTOS = YES_AGGRESSIVE;
				GCC_WARN_UNUSED_FUNCTION = YES;
				GCC_WARN_UNUSED_VARIABLE = YES;
				IPHONEOS_DEPLOYMENT_TARGET = 9.3;
				MTL_ENABLE_DEBUG_INFO = YES;
				ONLY_ACTIVE_ARCH = YES;
				SDKROOT = iphoneos;
				SWIFT_OPTIMIZATION_LEVEL = "-Onone";
			};
			name = Debug;
		};
		9CB37C0C1CE844400080B5B1 /* Release */ = {
			isa = XCBuildConfiguration;
			buildSettings = {
				ALWAYS_SEARCH_USER_PATHS = NO;
				CLANG_ANALYZER_NONNULL = YES;
				CLANG_CXX_LANGUAGE_STANDARD = "gnu++0x";
				CLANG_CXX_LIBRARY = "libc++";
				CLANG_ENABLE_MODULES = YES;
				CLANG_ENABLE_OBJC_ARC = YES;
				CLANG_WARN_BOOL_CONVERSION = YES;
				CLANG_WARN_CONSTANT_CONVERSION = YES;
				CLANG_WARN_DIRECT_OBJC_ISA_USAGE = YES_ERROR;
				CLANG_WARN_EMPTY_BODY = YES;
				CLANG_WARN_ENUM_CONVERSION = YES;
				CLANG_WARN_INT_CONVERSION = YES;
				CLANG_WARN_OBJC_ROOT_CLASS = YES_ERROR;
				CLANG_WARN_UNREACHABLE_CODE = YES;
				CLANG_WARN__DUPLICATE_METHOD_MATCH = YES;
				"CODE_SIGN_IDENTITY[sdk=iphoneos*]" = "iPhone Developer";
				COPY_PHASE_STRIP = NO;
				DEBUG_INFORMATION_FORMAT = "dwarf-with-dsym";
				ENABLE_NS_ASSERTIONS = NO;
				ENABLE_STRICT_OBJC_MSGSEND = YES;
				GCC_C_LANGUAGE_STANDARD = gnu99;
				GCC_NO_COMMON_BLOCKS = YES;
				GCC_WARN_64_TO_32_BIT_CONVERSION = YES;
				GCC_WARN_ABOUT_RETURN_TYPE = YES_ERROR;
				GCC_WARN_UNDECLARED_SELECTOR = YES;
				GCC_WARN_UNINITIALIZED_AUTOS = YES_AGGRESSIVE;
				GCC_WARN_UNUSED_FUNCTION = YES;
				GCC_WARN_UNUSED_VARIABLE = YES;
				IPHONEOS_DEPLOYMENT_TARGET = 9.3;
				MTL_ENABLE_DEBUG_INFO = NO;
				SDKROOT = iphoneos;
				VALIDATE_PRODUCT = YES;
			};
			name = Release;
		};
		9CB37C0E1CE844400080B5B1 /* Debug */ = {
			isa = XCBuildConfiguration;
			baseConfigurationReference = 6B07E61652733E72AABE799A /* Pods-SunriseSunset.debug.xcconfig */;
			buildSettings = {
				ASSETCATALOG_COMPILER_APPICON_NAME = AppIcon;
				CODE_SIGN_ENTITLEMENTS = SunriseSunset/SunriseSunset.entitlements;
				CODE_SIGN_IDENTITY = "iPhone Developer";
				EMBEDDED_CONTENT_CONTAINS_SWIFT = "$(inherited)";
				INFOPLIST_FILE = SunriseSunset/Info.plist;
				LD_RUNPATH_SEARCH_PATHS = "$(inherited) @executable_path/Frameworks";
				PRODUCT_BUNDLE_IDENTIFIER = xyz.jakerunzer.solis;
				PRODUCT_NAME = "$(TARGET_NAME)";
			};
			name = Debug;
		};
		9CB37C0F1CE844400080B5B1 /* Release */ = {
			isa = XCBuildConfiguration;
			baseConfigurationReference = 6F43EA11CC35450734F19303 /* Pods-SunriseSunset.release.xcconfig */;
			buildSettings = {
				ASSETCATALOG_COMPILER_APPICON_NAME = AppIcon;
				CODE_SIGN_ENTITLEMENTS = SunriseSunset/SunriseSunset.entitlements;
				CODE_SIGN_IDENTITY = "iPhone Developer";
				EMBEDDED_CONTENT_CONTAINS_SWIFT = "$(inherited)";
				INFOPLIST_FILE = SunriseSunset/Info.plist;
				LD_RUNPATH_SEARCH_PATHS = "$(inherited) @executable_path/Frameworks";
				PRODUCT_BUNDLE_IDENTIFIER = xyz.jakerunzer.solis;
				PRODUCT_NAME = "$(TARGET_NAME)";
			};
			name = Release;
		};
		9CB37C111CE844400080B5B1 /* Debug */ = {
			isa = XCBuildConfiguration;
			baseConfigurationReference = AA99C3A67CB3B1E830EF48C7 /* Pods-SunriseSunsetTests.debug.xcconfig */;
			buildSettings = {
				BUNDLE_LOADER = "$(TEST_HOST)";
				INFOPLIST_FILE = SunriseSunsetTests/Info.plist;
				LD_RUNPATH_SEARCH_PATHS = "$(inherited) @executable_path/Frameworks @loader_path/Frameworks";
				PRODUCT_BUNDLE_IDENTIFIER = io.puddllee.SunriseSunsetTests;
				PRODUCT_NAME = "$(TARGET_NAME)";
				TEST_HOST = "$(BUILT_PRODUCTS_DIR)/SunriseSunset.app/SunriseSunset";
			};
			name = Debug;
		};
		9CB37C121CE844400080B5B1 /* Release */ = {
			isa = XCBuildConfiguration;
			baseConfigurationReference = 6BB03123F6EDFAB71E56CFF4 /* Pods-SunriseSunsetTests.release.xcconfig */;
			buildSettings = {
				BUNDLE_LOADER = "$(TEST_HOST)";
				INFOPLIST_FILE = SunriseSunsetTests/Info.plist;
				LD_RUNPATH_SEARCH_PATHS = "$(inherited) @executable_path/Frameworks @loader_path/Frameworks";
				PRODUCT_BUNDLE_IDENTIFIER = io.puddllee.SunriseSunsetTests;
				PRODUCT_NAME = "$(TARGET_NAME)";
				TEST_HOST = "$(BUILT_PRODUCTS_DIR)/SunriseSunset.app/SunriseSunset";
			};
			name = Release;
		};
		9CB37C141CE844400080B5B1 /* Debug */ = {
			isa = XCBuildConfiguration;
			baseConfigurationReference = E306CB1F3E54D1B76CA78AE9 /* Pods-SunriseSunsetUITests.debug.xcconfig */;
			buildSettings = {
				INFOPLIST_FILE = SunriseSunsetUITests/Info.plist;
				LD_RUNPATH_SEARCH_PATHS = "$(inherited) @executable_path/Frameworks @loader_path/Frameworks";
				PRODUCT_BUNDLE_IDENTIFIER = io.puddllee.SunriseSunsetUITests;
				PRODUCT_NAME = "$(TARGET_NAME)";
				TEST_TARGET_NAME = SunriseSunset;
			};
			name = Debug;
		};
		9CB37C151CE844400080B5B1 /* Release */ = {
			isa = XCBuildConfiguration;
			baseConfigurationReference = 1248F1ED9E523C1D50AB4AE0 /* Pods-SunriseSunsetUITests.release.xcconfig */;
			buildSettings = {
				INFOPLIST_FILE = SunriseSunsetUITests/Info.plist;
				LD_RUNPATH_SEARCH_PATHS = "$(inherited) @executable_path/Frameworks @loader_path/Frameworks";
				PRODUCT_BUNDLE_IDENTIFIER = io.puddllee.SunriseSunsetUITests;
				PRODUCT_NAME = "$(TARGET_NAME)";
				TEST_TARGET_NAME = SunriseSunset;
			};
			name = Release;
		};
/* End XCBuildConfiguration section */

/* Begin XCConfigurationList section */
		9C4774611D16762C00C38FFF /* Build configuration list for PBXNativeTarget "SolisWidget" */ = {
			isa = XCConfigurationList;
			buildConfigurations = (
				9C47745F1D16762C00C38FFF /* Debug */,
				9C4774601D16762C00C38FFF /* Release */,
			);
			defaultConfigurationIsVisible = 0;
			defaultConfigurationName = Release;
		};
		9CB37BE01CE844400080B5B1 /* Build configuration list for PBXProject "SunriseSunset" */ = {
			isa = XCConfigurationList;
			buildConfigurations = (
				9CB37C0B1CE844400080B5B1 /* Debug */,
				9CB37C0C1CE844400080B5B1 /* Release */,
			);
			defaultConfigurationIsVisible = 0;
			defaultConfigurationName = Release;
		};
		9CB37C0D1CE844400080B5B1 /* Build configuration list for PBXNativeTarget "SunriseSunset" */ = {
			isa = XCConfigurationList;
			buildConfigurations = (
				9CB37C0E1CE844400080B5B1 /* Debug */,
				9CB37C0F1CE844400080B5B1 /* Release */,
			);
			defaultConfigurationIsVisible = 0;
			defaultConfigurationName = Release;
		};
		9CB37C101CE844400080B5B1 /* Build configuration list for PBXNativeTarget "SunriseSunsetTests" */ = {
			isa = XCConfigurationList;
			buildConfigurations = (
				9CB37C111CE844400080B5B1 /* Debug */,
				9CB37C121CE844400080B5B1 /* Release */,
			);
			defaultConfigurationIsVisible = 0;
			defaultConfigurationName = Release;
		};
		9CB37C131CE844400080B5B1 /* Build configuration list for PBXNativeTarget "SunriseSunsetUITests" */ = {
			isa = XCConfigurationList;
			buildConfigurations = (
				9CB37C141CE844400080B5B1 /* Debug */,
				9CB37C151CE844400080B5B1 /* Release */,
			);
			defaultConfigurationIsVisible = 0;
			defaultConfigurationName = Release;
		};
/* End XCConfigurationList section */
	};
	rootObject = 9CB37BDD1CE844400080B5B1 /* Project object */;
}
