PODS:
  - Alamofire (4.0.0)
  - Crashlytics (3.8.2):
    - Fabric (~> 1.6.3)
  - EDSunriseSet (1.0)
  - Fabric (1.6.8)
  - GoogleMaps/Base (2.0.1)
  - GooglePlaces (2.0.1):
    - GoogleMaps/Base (= 2.0.1)
  - PermissionScope (1.0.3)
  - SwiftLocation (1.1.0)
  - SwiftyJSON (2.3.2)
  - UIView-Easing (0.0.1)

DEPENDENCIES:
  - Alamofire (from `https://github.com/Alamofire/Alamofire.git`, branch `master`)
  - Crashlytics
  - EDSunriseSet (~> 1.0)
  - Fabric
  - GooglePlaces
  - PermissionScope (from `https://github.com/nickoneill/PermissionScope.git`, branch `swift3`)
  - SwiftLocation
  - SwiftyJSON (from `https://github.com/IBM-Swift/SwiftyJSON.git`)
  - UIView-Easing

EXTERNAL SOURCES:
  Alamofire:
    :branch: master
    :git: https://github.com/Alamofire/Alamofire.git
  PermissionScope:
    :branch: swift3
    :git: https://github.com/nickoneill/PermissionScope.git
  SwiftyJSON:
    :git: https://github.com/IBM-Swift/SwiftyJSON.git

CHECKOUT OPTIONS:
  Alamofire:
    :commit: 0ac38d7e312e87aeea608d384e44401f3d8a6b3d
    :git: https://github.com/Alamofire/Alamofire.git
  PermissionScope:
    :commit: 10367783829706a54aad0e5c7d6f876564c68cfe
    :git: https://github.com/nickoneill/PermissionScope.git
  SwiftyJSON:
    :commit: 73b523a107b798021ca9af74b5f7c20e435c8809
    :git: https://github.com/IBM-Swift/SwiftyJSON.git

SPEC CHECKSUMS:
  Alamofire: fef59f00388f267e52d9b432aa5d93dc97190f14
  Crashlytics: 27acca95a01b042a8294291dd6dff27f8f6af6d7
  EDSunriseSet: bdc4760f496c8e6f9b9a727ffa645b6048aa2a09
  Fabric: 5755268d0171435ab167e3d0878a28a777deaf10
  GoogleMaps: f09da64fc987c1aa29394567c3cab5a3df83c402
  GooglePlaces: 72fab1d1651c6df0322f2aad245ffb15b80d3c56
  PermissionScope: 3ee3e8a4a962b7621400c136a63ae1e16ecf1718
  SwiftLocation: f1bf5acb7992dd96c6f773c383f9c0479f07727d
  SwiftyJSON: 04ccea08915aa0109039157c7974cf0298da292a
  UIView-Easing: 4cce1b81d94abd6bc1ea68709353bd1f90319c5b

PODFILE CHECKSUM: 0f2fc41658db42d83cd8abce0e352b5a506baef1

COCOAPODS: 1.1.0.rc.2
