PODS:
  - Alamofire (4.5.1)
  - Crashlytics (3.8.3):
    - Fabric (~> 1.6.3)
  - EDSunriseSet (1.0)
  - Fabric (1.6.8)
  - GoogleMaps/Base (2.0.1)
  - GooglePlaces (2.0.1):
    - GoogleMaps/Base (= 2.0.1)
  - SPPermission/Core (4.0.6)
  - SPPermission/Location (4.0.6):
    - SPPermission/Core
  - SPPermission/Notification (4.0.6):
    - SPPermission/Core
  - SwiftLocation (4.1.0)
  - UIView-Easing (0.0.1)

DEPENDENCIES:
  - Alamofire
  - Crashlytics
  - EDSunriseSet (~> 1.0)
  - Fabric
  - GooglePlaces
  - SPPermission/Location
  - SPPermission/Notification
  - SwiftLocation (~> 4.0)
  - UIView-Easing

SPEC REPOS:
  trunk:
    - Alamofire
    - Crashlytics
    - EDSunriseSet
    - Fabric
    - GoogleMaps
    - GooglePlaces
    - SPPermission
    - SwiftLocation
    - UIView-Easing

SPEC CHECKSUMS:
  Alamofire: 2d95912bf4c34f164fdfc335872e8c312acaea4a
  Crashlytics: 2b6dbe138a42395577cfa73dfa1aa7248cadf39e
  EDSunriseSet: bdc4760f496c8e6f9b9a727ffa645b6048aa2a09
  Fabric: 5755268d0171435ab167e3d0878a28a777deaf10
  GoogleMaps: f09da64fc987c1aa29394567c3cab5a3df83c402
  GooglePlaces: 72fab1d1651c6df0322f2aad245ffb15b80d3c56
  SPPermission: 1807bce0f1d8cf4bb0185a46d3acfaf5a6cff2d8
  SwiftLocation: e89dd4dbebbce1755836154103546f4ab3d92aae
  UIView-Easing: 4cce1b81d94abd6bc1ea68709353bd1f90319c5b

PODFILE CHECKSUM: 493e419b598f986fc79ae6e4a0746a56c65ecf39

COCOAPODS: 1.8.3
