PODS:
  - EDSunriseSet (1.0)
  - PermissionScope (1.0.2)
  - SwiftLocation (0.9.0)

DEPENDENCIES:
  - EDSunriseSet (~> 1.0)
  - PermissionScope
  - SwiftLocation

SPEC CHECKSUMS:
  EDSunriseSet: bdc4760f496c8e6f9b9a727ffa645b6048aa2a09
  PermissionScope: 860828c5516d349b6f49e5491799cfef33c5ccc7
  SwiftLocation: f18e71300a89f2a81001c9615b7694150e6b84de

PODFILE CHECKSUM: 3d6078c0a65a1f8bb857dad8117417be562db7e5

COCOAPODS: 1.0.0
